// !$*UTF8*$!
{
	archiveVersion = 1;
	classes = {
	};
	objectVersion = 46;
	objects = {

/* Begin PBXBuildFile section */
		F4E1039219E7603A005411B6 /* AppDelegate.swift in Sources */ = {isa = PBXBuildFile; fileRef = F4E1039119E7603A005411B6 /* AppDelegate.swift */; };
		F4E1039419E7603A005411B6 /* ViewController.swift in Sources */ = {isa = PBXBuildFile; fileRef = F4E1039319E7603A005411B6 /* ViewController.swift */; };
		F4E1039719E7603A005411B6 /* Main.storyboard in Resources */ = {isa = PBXBuildFile; fileRef = F4E1039519E7603A005411B6 /* Main.storyboard */; };
		F4E1039919E7603A005411B6 /* Images.xcassets in Resources */ = {isa = PBXBuildFile; fileRef = F4E1039819E7603A005411B6 /* Images.xcassets */; };
		F4E1039C19E7603A005411B6 /* LaunchScreen.xib in Resources */ = {isa = PBXBuildFile; fileRef = F4E1039A19E7603A005411B6 /* LaunchScreen.xib */; };
		F4E103A819E7603A005411B6 /* BasicInteractionTests.swift in Sources */ = {isa = PBXBuildFile; fileRef = F4E103A719E7603A005411B6 /* BasicInteractionTests.swift */; };
/* End PBXBuildFile section */

/* Begin PBXContainerItemProxy section */
		F4E103A219E7603A005411B6 /* PBXContainerItemProxy */ = {
			isa = PBXContainerItemProxy;
			containerPortal = F4E1038419E76039005411B6 /* Project object */;
			proxyType = 1;
			remoteGlobalIDString = F4E1038B19E7603A005411B6;
			remoteInfo = BasicInteraction;
		};
/* End PBXContainerItemProxy section */

/* Begin PBXFileReference section */
		F4E1038C19E7603A005411B6 /* BasicInteraction.app */ = {isa = PBXFileReference; explicitFileType = wrapper.application; includeInIndex = 0; path = BasicInteraction.app; sourceTree = BUILT_PRODUCTS_DIR; };
		F4E1039019E7603A005411B6 /* Info.plist */ = {isa = PBXFileReference; lastKnownFileType = text.plist.xml; path = Info.plist; sourceTree = "<group>"; };
		F4E1039119E7603A005411B6 /* AppDelegate.swift */ = {isa = PBXFileReference; lastKnownFileType = sourcecode.swift; path = AppDelegate.swift; sourceTree = "<group>"; };
		F4E1039319E7603A005411B6 /* ViewController.swift */ = {isa = PBXFileReference; lastKnownFileType = sourcecode.swift; path = ViewController.swift; sourceTree = "<group>"; };
		F4E1039619E7603A005411B6 /* Base */ = {isa = PBXFileReference; lastKnownFileType = file.storyboard; name = Base; path = Base.lproj/Main.storyboard; sourceTree = "<group>"; };
		F4E1039819E7603A005411B6 /* Images.xcassets */ = {isa = PBXFileReference; lastKnownFileType = folder.assetcatalog; path = Images.xcassets; sourceTree = "<group>"; };
		F4E1039B19E7603A005411B6 /* Base */ = {isa = PBXFileReference; lastKnownFileType = file.xib; name = Base; path = Base.lproj/LaunchScreen.xib; sourceTree = "<group>"; };
		F4E103A119E7603A005411B6 /* BasicInteractionTests.xctest */ = {isa = PBXFileReference; explicitFileType = wrapper.cfbundle; includeInIndex = 0; path = BasicInteractionTests.xctest; sourceTree = BUILT_PRODUCTS_DIR; };
		F4E103A619E7603A005411B6 /* Info.plist */ = {isa = PBXFileReference; lastKnownFileType = text.plist.xml; path = Info.plist; sourceTree = "<group>"; };
		F4E103A719E7603A005411B6 /* BasicInteractionTests.swift */ = {isa = PBXFileReference; lastKnownFileType = sourcecode.swift; path = BasicInteractionTests.swift; sourceTree = "<group>"; };
/* End PBXFileReference section */

/* Begin PBXFrameworksBuildPhase section */
		F4E1038919E7603A005411B6 /* Frameworks */ = {
			isa = PBXFrameworksBuildPhase;
			buildActionMask = 2147483647;
			files = (
			);
			runOnlyForDeploymentPostprocessing = 0;
		};
		F4E1039E19E7603A005411B6 /* Frameworks */ = {
			isa = PBXFrameworksBuildPhase;
			buildActionMask = 2147483647;
			files = (
			);
			runOnlyForDeploymentPostprocessing = 0;
		};
/* End PBXFrameworksBuildPhase section */

/* Begin PBXGroup section */
		F4E1038319E76039005411B6 = {
			isa = PBXGroup;
			children = (
				F4E1038E19E7603A005411B6 /* BasicInteraction */,
				F4E103A419E7603A005411B6 /* BasicInteractionTests */,
				F4E1038D19E7603A005411B6 /* Products */,
			);
			sourceTree = "<group>";
		};
		F4E1038D19E7603A005411B6 /* Products */ = {
			isa = PBXGroup;
			children = (
				F4E1038C19E7603A005411B6 /* BasicInteraction.app */,
				F4E103A119E7603A005411B6 /* BasicInteractionTests.xctest */,
			);
			name = Products;
			sourceTree = "<group>";
		};
		F4E1038E19E7603A005411B6 /* BasicInteraction */ = {
			isa = PBXGroup;
			children = (
				F4E1039119E7603A005411B6 /* AppDelegate.swift */,
				F4E1039319E7603A005411B6 /* ViewController.swift */,
				F4E1039519E7603A005411B6 /* Main.storyboard */,
				F4E1039819E7603A005411B6 /* Images.xcassets */,
				F4E1039A19E7603A005411B6 /* LaunchScreen.xib */,
				F4E1038F19E7603A005411B6 /* Supporting Files */,
			);
			path = BasicInteraction;
			sourceTree = "<group>";
		};
		F4E1038F19E7603A005411B6 /* Supporting Files */ = {
			isa = PBXGroup;
			children = (
				F4E1039019E7603A005411B6 /* Info.plist */,
			);
			name = "Supporting Files";
			sourceTree = "<group>";
		};
		F4E103A419E7603A005411B6 /* BasicInteractionTests */ = {
			isa = PBXGroup;
			children = (
				F4E103A719E7603A005411B6 /* BasicInteractionTests.swift */,
				F4E103A519E7603A005411B6 /* Supporting Files */,
			);
			path = BasicInteractionTests;
			sourceTree = "<group>";
		};
		F4E103A519E7603A005411B6 /* Supporting Files */ = {
			isa = PBXGroup;
			children = (
				F4E103A619E7603A005411B6 /* Info.plist */,
			);
			name = "Supporting Files";
			sourceTree = "<group>";
		};
/* End PBXGroup section */

/* Begin PBXNativeTarget section */
		F4E1038B19E7603A005411B6 /* BasicInteraction */ = {
			isa = PBXNativeTarget;
			buildConfigurationList = F4E103AB19E7603A005411B6 /* Build configuration list for PBXNativeTarget "BasicInteraction" */;
			buildPhases = (
				F4E1038819E7603A005411B6 /* Sources */,
				F4E1038919E7603A005411B6 /* Frameworks */,
				F4E1038A19E7603A005411B6 /* Resources */,
			);
			buildRules = (
			);
			dependencies = (
			);
			name = BasicInteraction;
			productName = BasicInteraction;
			productReference = F4E1038C19E7603A005411B6 /* BasicInteraction.app */;
			productType = "com.apple.product-type.application";
		};
		F4E103A019E7603A005411B6 /* BasicInteractionTests */ = {
			isa = PBXNativeTarget;
			buildConfigurationList = F4E103AE19E7603A005411B6 /* Build configuration list for PBXNativeTarget "BasicInteractionTests" */;
			buildPhases = (
				F4E1039D19E7603A005411B6 /* Sources */,
				F4E1039E19E7603A005411B6 /* Frameworks */,
				F4E1039F19E7603A005411B6 /* Resources */,
			);
			buildRules = (
			);
			dependencies = (
				F4E103A319E7603A005411B6 /* PBXTargetDependency */,
			);
			name = BasicInteractionTests;
			productName = BasicInteractionTests;
			productReference = F4E103A119E7603A005411B6 /* BasicInteractionTests.xctest */;
			productType = "com.apple.product-type.bundle.unit-test";
		};
/* End PBXNativeTarget section */

/* Begin PBXProject section */
		F4E1038419E76039005411B6 /* Project object */ = {
			isa = PBXProject;
			attributes = {
				LastUpgradeCheck = 0610;
				ORGANIZATIONNAME = Parsclick;
				TargetAttributes = {
					F4E1038B19E7603A005411B6 = {
						CreatedOnToolsVersion = 6.1;
						SystemCapabilities = {
							com.apple.Maps.iOS = {
								enabled = 0;
							};
						};
					};
					F4E103A019E7603A005411B6 = {
						CreatedOnToolsVersion = 6.1;
						TestTargetID = F4E1038B19E7603A005411B6;
					};
				};
			};
			buildConfigurationList = F4E1038719E76039005411B6 /* Build configuration list for PBXProject "BasicInteraction" */;
			compatibilityVersion = "Xcode 3.2";
			developmentRegion = English;
			hasScannedForEncodings = 0;
			knownRegions = (
				en,
				Base,
			);
			mainGroup = F4E1038319E76039005411B6;
			productRefGroup = F4E1038D19E7603A005411B6 /* Products */;
			projectDirPath = "";
			projectRoot = "";
			targets = (
				F4E1038B19E7603A005411B6 /* BasicInteraction */,
				F4E103A019E7603A005411B6 /* BasicInteractionTests */,
			);
		};
/* End PBXProject section */

/* Begin PBXResourcesBuildPhase section */
		F4E1038A19E7603A005411B6 /* Resources */ = {
			isa = PBXResourcesBuildPhase;
			buildActionMask = 2147483647;
			files = (
				F4E1039719E7603A005411B6 /* Main.storyboard in Resources */,
				F4E1039C19E7603A005411B6 /* LaunchScreen.xib in Resources */,
				F4E1039919E7603A005411B6 /* Images.xcassets in Resources */,
			);
			runOnlyForDeploymentPostprocessing = 0;
		};
		F4E1039F19E7603A005411B6 /* Resources */ = {
			isa = PBXResourcesBuildPhase;
			buildActionMask = 2147483647;
			files = (
			);
			runOnlyForDeploymentPostprocessing = 0;
		};
/* End PBXResourcesBuildPhase section */

/* Begin PBXSourcesBuildPhase section */
		F4E1038819E7603A005411B6 /* Sources */ = {
			isa = PBXSourcesBuildPhase;
			buildActionMask = 2147483647;
			files = (
				F4E1039419E7603A005411B6 /* ViewController.swift in Sources */,
				F4E1039219E7603A005411B6 /* AppDelegate.swift in Sources */,
			);
			runOnlyForDeploymentPostprocessing = 0;
		};
		F4E1039D19E7603A005411B6 /* Sources */ = {
			isa = PBXSourcesBuildPhase;
			buildActionMask = 2147483647;
			files = (
				F4E103A819E7603A005411B6 /* BasicInteractionTests.swift in Sources */,
			);
			runOnlyForDeploymentPostprocessing = 0;
		};
/* End PBXSourcesBuildPhase section */

/* Begin PBXTargetDependency section */
		F4E103A319E7603A005411B6 /* PBXTargetDependency */ = {
			isa = PBXTargetDependency;
			target = F4E1038B19E7603A005411B6 /* BasicInteraction */;
			targetProxy = F4E103A219E7603A005411B6 /* PBXContainerItemProxy */;
		};
/* End PBXTargetDependency section */

/* Begin PBXVariantGroup section */
		F4E1039519E7603A005411B6 /* Main.storyboard */ = {
			isa = PBXVariantGroup;
			children = (
				F4E1039619E7603A005411B6 /* Base */,
			);
			name = Main.storyboard;
			sourceTree = "<group>";
		};
		F4E1039A19E7603A005411B6 /* LaunchScreen.xib */ = {
			isa = PBXVariantGroup;
			children = (
				F4E1039B19E7603A005411B6 /* Base */,
			);
			name = LaunchScreen.xib;
			sourceTree = "<group>";
		};
/* End PBXVariantGroup section */

/* Begin XCBuildConfiguration section */
		F4E103A919E7603A005411B6 /* Debug */ = {
			isa = XCBuildConfiguration;
			buildSettings = {
				ALWAYS_SEARCH_USER_PATHS = NO;
				CLANG_CXX_LANGUAGE_STANDARD = "gnu++0x";
				CLANG_CXX_LIBRARY = "libc++";
				CLANG_ENABLE_MODULES = YES;
				CLANG_ENABLE_OBJC_ARC = YES;
				CLANG_WARN_BOOL_CONVERSION = YES;
				CLANG_WARN_CONSTANT_CONVERSION = YES;
				CLANG_WARN_DIRECT_OBJC_ISA_USAGE = YES_ERROR;
				CLANG_WARN_EMPTY_BODY = YES;
				CLANG_WARN_ENUM_CONVERSION = YES;
				CLANG_WARN_INT_CONVERSION = YES;
				CLANG_WARN_OBJC_ROOT_CLASS = YES_ERROR;
				CLANG_WARN_UNREACHABLE_CODE = YES;
				CLANG_WARN__DUPLICATE_METHOD_MATCH = YES;
				"CODE_SIGN_IDENTITY[sdk=iphoneos*]" = "iPhone Developer";
				COPY_PHASE_STRIP = NO;
				ENABLE_STRICT_OBJC_MSGSEND = YES;
				GCC_C_LANGUAGE_STANDARD = gnu99;
				GCC_DYNAMIC_NO_PIC = NO;
				GCC_OPTIMIZATION_LEVEL = 0;
				GCC_PREPROCESSOR_DEFINITIONS = (
					"DEBUG=1",
					"$(inherited)",
				);
				GCC_SYMBOLS_PRIVATE_EXTERN = NO;
				GCC_WARN_64_TO_32_BIT_CONVERSION = YES;
				GCC_WARN_ABOUT_RETURN_TYPE = YES_ERROR;
				GCC_WARN_UNDECLARED_SELECTOR = YES;
				GCC_WARN_UNINITIALIZED_AUTOS = YES_AGGRESSIVE;
				GCC_WARN_UNUSED_FUNCTION = YES;
				GCC_WARN_UNUSED_VARIABLE = YES;
				IPHONEOS_DEPLOYMENT_TARGET = 8.1;
				MTL_ENABLE_DEBUG_INFO = YES;
				ONLY_ACTIVE_ARCH = YES;
				SDKROOT = iphoneos;
				SWIFT_OPTIMIZATION_LEVEL = "-Onone";
			};
			name = Debug;
		};
		F4E103AA19E7603A005411B6 /* Release */ = {
			isa = XCBuildConfiguration;
			buildSettings = {
				ALWAYS_SEARCH_USER_PATHS = NO;
				CLANG_CXX_LANGUAGE_STANDARD = "gnu++0x";
				CLANG_CXX_LIBRARY = "libc++";
				CLANG_ENABLE_MODULES = YES;
				CLANG_ENABLE_OBJC_ARC = YES;
				CLANG_WARN_BOOL_CONVERSION = YES;
				CLANG_WARN_CONSTANT_CONVERSION = YES;
				CLANG_WARN_DIRECT_OBJC_ISA_USAGE = YES_ERROR;
				CLANG_WARN_EMPTY_BODY = YES;
				CLANG_WARN_ENUM_CONVERSION = YES;
				CLANG_WARN_INT_CONVERSION = YES;
				CLANG_WARN_OBJC_ROOT_CLASS = YES_ERROR;
				CLANG_WARN_UNREACHABLE_CODE = YES;
				CLANG_WARN__DUPLICATE_METHOD_MATCH = YES;
				"CODE_SIGN_IDENTITY[sdk=iphoneos*]" = "iPhone Developer";
				COPY_PHASE_STRIP = YES;
				ENABLE_NS_ASSERTIONS = NO;
				ENABLE_STRICT_OBJC_MSGSEND = YES;
				GCC_C_LANGUAGE_STANDARD = gnu99;
				GCC_WARN_64_TO_32_BIT_CONVERSION = YES;
				GCC_WARN_ABOUT_RETURN_TYPE = YES_ERROR;
				GCC_WARN_UNDECLARED_SELECTOR = YES;
				GCC_WARN_UNINITIALIZED_AUTOS = YES_AGGRESSIVE;
				GCC_WARN_UNUSED_FUNCTION = YES;
				GCC_WARN_UNUSED_VARIABLE = YES;
				IPHONEOS_DEPLOYMENT_TARGET = 8.1;
				MTL_ENABLE_DEBUG_INFO = NO;
				SDKROOT = iphoneos;
				VALIDATE_PRODUCT = YES;
			};
			name = Release;
		};
		F4E103AC19E7603A005411B6 /* Debug */ = {
			isa = XCBuildConfiguration;
			buildSettings = {
				ASSETCATALOG_COMPILER_APPICON_NAME = AppIcon;
				INFOPLIST_FILE = BasicInteraction/Info.plist;
				LD_RUNPATH_SEARCH_PATHS = "$(inherited) @executable_path/Frameworks";
				PRODUCT_NAME = "$(TARGET_NAME)";
			};
			name = Debug;
		};
		F4E103AD19E7603A005411B6 /* Release */ = {
			isa = XCBuildConfiguration;
			buildSettings = {
				ASSETCATALOG_COMPILER_APPICON_NAME = AppIcon;
				INFOPLIST_FILE = BasicInteraction/Info.plist;
				LD_RUNPATH_SEARCH_PATHS = "$(inherited) @executable_path/Frameworks";
				PRODUCT_NAME = "$(TARGET_NAME)";
			};
			name = Release;
		};
		F4E103AF19E7603A005411B6 /* Debug */ = {
			isa = XCBuildConfiguration;
			buildSettings = {
				BUNDLE_LOADER = "$(TEST_HOST)";
				FRAMEWORK_SEARCH_PATHS = (
					"$(SDKROOT)/Developer/Library/Frameworks",
					"$(inherited)",
				);
				GCC_PREPROCESSOR_DEFINITIONS = (
					"DEBUG=1",
					"$(inherited)",
				);
				INFOPLIST_FILE = BasicInteractionTests/Info.plist;
				LD_RUNPATH_SEARCH_PATHS = "$(inherited) @executable_path/Frameworks @loader_path/Frameworks";
				PRODUCT_NAME = "$(TARGET_NAME)";
				TEST_HOST = "$(BUILT_PRODUCTS_DIR)/BasicInteraction.app/BasicInteraction";
			};
			name = Debug;
		};
		F4E103B019E7603A005411B6 /* Release */ = {
			isa = XCBuildConfiguration;
			buildSettings = {
				BUNDLE_LOADER = "$(TEST_HOST)";
				FRAMEWORK_SEARCH_PATHS = (
					"$(SDKROOT)/Developer/Library/Frameworks",
					"$(inherited)",
				);
				INFOPLIST_FILE = BasicInteractionTests/Info.plist;
				LD_RUNPATH_SEARCH_PATHS = "$(inherited) @executable_path/Frameworks @loader_path/Frameworks";
				PRODUCT_NAME = "$(TARGET_NAME)";
				TEST_HOST = "$(BUILT_PRODUCTS_DIR)/BasicInteraction.app/BasicInteraction";
			};
			name = Release;
		};
/* End XCBuildConfiguration section */

/* Begin XCConfigurationList section */
		F4E1038719E76039005411B6 /* Build configuration list for PBXProject "BasicInteraction" */ = {
			isa = XCConfigurationList;
			buildConfigurations = (
				F4E103A919E7603A005411B6 /* Debug */,
				F4E103AA19E7603A005411B6 /* Release */,
			);
			defaultConfigurationIsVisible = 0;
			defaultConfigurationName = Release;
		};
		F4E103AB19E7603A005411B6 /* Build configuration list for PBXNativeTarget "BasicInteraction" */ = {
			isa = XCConfigurationList;
			buildConfigurations = (
				F4E103AC19E7603A005411B6 /* Debug */,
				F4E103AD19E7603A005411B6 /* Release */,
			);
			defaultConfigurationIsVisible = 0;
			defaultConfigurationName = Release;
		};
		F4E103AE19E7603A005411B6 /* Build configuration list for PBXNativeTarget "BasicInteractionTests" */ = {
			isa = XCConfigurationList;
			buildConfigurations = (
				F4E103AF19E7603A005411B6 /* Debug */,
				F4E103B019E7603A005411B6 /* Release */,
			);
			defaultConfigurationIsVisible = 0;
			defaultConfigurationName = Release;
		};
/* End XCConfigurationList section */
	};
	rootObject = F4E1038419E76039005411B6 /* Project object */;
}
