// !$*UTF8*$!
{
	archiveVersion = 1;
	classes = {
	};
	objectVersion = 46;
	objects = {

/* Begin PBXBuildFile section */
		F45E499919EAF53000977215 /* AppDelegate.swift in Sources */ = {isa = PBXBuildFile; fileRef = F45E499819EAF53000977215 /* AppDelegate.swift */; };
		F45E499B19EAF53000977215 /* ViewController.swift in Sources */ = {isa = PBXBuildFile; fileRef = F45E499A19EAF53000977215 /* ViewController.swift */; };
		F45E499E19EAF53000977215 /* Main.storyboard in Resources */ = {isa = PBXBuildFile; fileRef = F45E499C19EAF53000977215 /* Main.storyboard */; };
		F45E49A019EAF53000977215 /* Images.xcassets in Resources */ = {isa = PBXBuildFile; fileRef = F45E499F19EAF53000977215 /* Images.xcassets */; };
		F45E49A319EAF53000977215 /* LaunchScreen.xib in Resources */ = {isa = PBXBuildFile; fileRef = F45E49A119EAF53000977215 /* LaunchScreen.xib */; };
		F45E49AF19EAF53000977215 /* PickerDataTests.swift in Sources */ = {isa = PBXBuildFile; fileRef = F45E49AE19EAF53000977215 /* PickerDataTests.swift */; };
/* End PBXBuildFile section */

/* Begin PBXContainerItemProxy section */
		F45E49A919EAF53000977215 /* PBXContainerItemProxy */ = {
			isa = PBXContainerItemProxy;
			containerPortal = F45E498B19EAF53000977215 /* Project object */;
			proxyType = 1;
			remoteGlobalIDString = F45E499219EAF53000977215;
			remoteInfo = PickerData;
		};
/* End PBXContainerItemProxy section */

/* Begin PBXFileReference section */
		F45E499319EAF53000977215 /* PickerData.app */ = {isa = PBXFileReference; explicitFileType = wrapper.application; includeInIndex = 0; path = PickerData.app; sourceTree = BUILT_PRODUCTS_DIR; };
		F45E499719EAF53000977215 /* Info.plist */ = {isa = PBXFileReference; lastKnownFileType = text.plist.xml; path = Info.plist; sourceTree = "<group>"; };
		F45E499819EAF53000977215 /* AppDelegate.swift */ = {isa = PBXFileReference; lastKnownFileType = sourcecode.swift; path = AppDelegate.swift; sourceTree = "<group>"; };
		F45E499A19EAF53000977215 /* ViewController.swift */ = {isa = PBXFileReference; lastKnownFileType = sourcecode.swift; path = ViewController.swift; sourceTree = "<group>"; };
		F45E499D19EAF53000977215 /* Base */ = {isa = PBXFileReference; lastKnownFileType = file.storyboard; name = Base; path = Base.lproj/Main.storyboard; sourceTree = "<group>"; };
		F45E499F19EAF53000977215 /* Images.xcassets */ = {isa = PBXFileReference; lastKnownFileType = folder.assetcatalog; path = Images.xcassets; sourceTree = "<group>"; };
		F45E49A219EAF53000977215 /* Base */ = {isa = PBXFileReference; lastKnownFileType = file.xib; name = Base; path = Base.lproj/LaunchScreen.xib; sourceTree = "<group>"; };
		F45E49A819EAF53000977215 /* PickerDataTests.xctest */ = {isa = PBXFileReference; explicitFileType = wrapper.cfbundle; includeInIndex = 0; path = PickerDataTests.xctest; sourceTree = BUILT_PRODUCTS_DIR; };
		F45E49AD19EAF53000977215 /* Info.plist */ = {isa = PBXFileReference; lastKnownFileType = text.plist.xml; path = Info.plist; sourceTree = "<group>"; };
		F45E49AE19EAF53000977215 /* PickerDataTests.swift */ = {isa = PBXFileReference; lastKnownFileType = sourcecode.swift; path = PickerDataTests.swift; sourceTree = "<group>"; };
/* End PBXFileReference section */

/* Begin PBXFrameworksBuildPhase section */
		F45E499019EAF53000977215 /* Frameworks */ = {
			isa = PBXFrameworksBuildPhase;
			buildActionMask = 2147483647;
			files = (
			);
			runOnlyForDeploymentPostprocessing = 0;
		};
		F45E49A519EAF53000977215 /* Frameworks */ = {
			isa = PBXFrameworksBuildPhase;
			buildActionMask = 2147483647;
			files = (
			);
			runOnlyForDeploymentPostprocessing = 0;
		};
/* End PBXFrameworksBuildPhase section */

/* Begin PBXGroup section */
		F45E498A19EAF53000977215 = {
			isa = PBXGroup;
			children = (
				F45E499519EAF53000977215 /* PickerData */,
				F45E49AB19EAF53000977215 /* PickerDataTests */,
				F45E499419EAF53000977215 /* Products */,
			);
			sourceTree = "<group>";
		};
		F45E499419EAF53000977215 /* Products */ = {
			isa = PBXGroup;
			children = (
				F45E499319EAF53000977215 /* PickerData.app */,
				F45E49A819EAF53000977215 /* PickerDataTests.xctest */,
			);
			name = Products;
			sourceTree = "<group>";
		};
		F45E499519EAF53000977215 /* PickerData */ = {
			isa = PBXGroup;
			children = (
				F45E499819EAF53000977215 /* AppDelegate.swift */,
				F45E499A19EAF53000977215 /* ViewController.swift */,
				F45E499C19EAF53000977215 /* Main.storyboard */,
				F45E499F19EAF53000977215 /* Images.xcassets */,
				F45E49A119EAF53000977215 /* LaunchScreen.xib */,
				F45E499619EAF53000977215 /* Supporting Files */,
			);
			path = PickerData;
			sourceTree = "<group>";
		};
		F45E499619EAF53000977215 /* Supporting Files */ = {
			isa = PBXGroup;
			children = (
				F45E499719EAF53000977215 /* Info.plist */,
			);
			name = "Supporting Files";
			sourceTree = "<group>";
		};
		F45E49AB19EAF53000977215 /* PickerDataTests */ = {
			isa = PBXGroup;
			children = (
				F45E49AE19EAF53000977215 /* PickerDataTests.swift */,
				F45E49AC19EAF53000977215 /* Supporting Files */,
			);
			path = PickerDataTests;
			sourceTree = "<group>";
		};
		F45E49AC19EAF53000977215 /* Supporting Files */ = {
			isa = PBXGroup;
			children = (
				F45E49AD19EAF53000977215 /* Info.plist */,
			);
			name = "Supporting Files";
			sourceTree = "<group>";
		};
/* End PBXGroup section */

/* Begin PBXNativeTarget section */
		F45E499219EAF53000977215 /* PickerData */ = {
			isa = PBXNativeTarget;
			buildConfigurationList = F45E49B219EAF53000977215 /* Build configuration list for PBXNativeTarget "PickerData" */;
			buildPhases = (
				F45E498F19EAF53000977215 /* Sources */,
				F45E499019EAF53000977215 /* Frameworks */,
				F45E499119EAF53000977215 /* Resources */,
			);
			buildRules = (
			);
			dependencies = (
			);
			name = PickerData;
			productName = PickerData;
			productReference = F45E499319EAF53000977215 /* PickerData.app */;
			productType = "com.apple.product-type.application";
		};
		F45E49A719EAF53000977215 /* PickerDataTests */ = {
			isa = PBXNativeTarget;
			buildConfigurationList = F45E49B519EAF53000977215 /* Build configuration list for PBXNativeTarget "PickerDataTests" */;
			buildPhases = (
				F45E49A419EAF53000977215 /* Sources */,
				F45E49A519EAF53000977215 /* Frameworks */,
				F45E49A619EAF53000977215 /* Resources */,
			);
			buildRules = (
			);
			dependencies = (
				F45E49AA19EAF53000977215 /* PBXTargetDependency */,
			);
			name = PickerDataTests;
			productName = PickerDataTests;
			productReference = F45E49A819EAF53000977215 /* PickerDataTests.xctest */;
			productType = "com.apple.product-type.bundle.unit-test";
		};
/* End PBXNativeTarget section */

/* Begin PBXProject section */
		F45E498B19EAF53000977215 /* Project object */ = {
			isa = PBXProject;
			attributes = {
				LastUpgradeCheck = 0610;
				ORGANIZATIONNAME = Parsclick;
				TargetAttributes = {
					F45E499219EAF53000977215 = {
						CreatedOnToolsVersion = 6.1;
					};
					F45E49A719EAF53000977215 = {
						CreatedOnToolsVersion = 6.1;
						TestTargetID = F45E499219EAF53000977215;
					};
				};
			};
			buildConfigurationList = F45E498E19EAF53000977215 /* Build configuration list for PBXProject "PickerData" */;
			compatibilityVersion = "Xcode 3.2";
			developmentRegion = English;
			hasScannedForEncodings = 0;
			knownRegions = (
				en,
				Base,
			);
			mainGroup = F45E498A19EAF53000977215;
			productRefGroup = F45E499419EAF53000977215 /* Products */;
			projectDirPath = "";
			projectRoot = "";
			targets = (
				F45E499219EAF53000977215 /* PickerData */,
				F45E49A719EAF53000977215 /* PickerDataTests */,
			);
		};
/* End PBXProject section */

/* Begin PBXResourcesBuildPhase section */
		F45E499119EAF53000977215 /* Resources */ = {
			isa = PBXResourcesBuildPhase;
			buildActionMask = 2147483647;
			files = (
				F45E499E19EAF53000977215 /* Main.storyboard in Resources */,
				F45E49A319EAF53000977215 /* LaunchScreen.xib in Resources */,
				F45E49A019EAF53000977215 /* Images.xcassets in Resources */,
			);
			runOnlyForDeploymentPostprocessing = 0;
		};
		F45E49A619EAF53000977215 /* Resources */ = {
			isa = PBXResourcesBuildPhase;
			buildActionMask = 2147483647;
			files = (
			);
			runOnlyForDeploymentPostprocessing = 0;
		};
/* End PBXResourcesBuildPhase section */

/* Begin PBXSourcesBuildPhase section */
		F45E498F19EAF53000977215 /* Sources */ = {
			isa = PBXSourcesBuildPhase;
			buildActionMask = 2147483647;
			files = (
				F45E499B19EAF53000977215 /* ViewController.swift in Sources */,
				F45E499919EAF53000977215 /* AppDelegate.swift in Sources */,
			);
			runOnlyForDeploymentPostprocessing = 0;
		};
		F45E49A419EAF53000977215 /* Sources */ = {
			isa = PBXSourcesBuildPhase;
			buildActionMask = 2147483647;
			files = (
				F45E49AF19EAF53000977215 /* PickerDataTests.swift in Sources */,
			);
			runOnlyForDeploymentPostprocessing = 0;
		};
/* End PBXSourcesBuildPhase section */

/* Begin PBXTargetDependency section */
		F45E49AA19EAF53000977215 /* PBXTargetDependency */ = {
			isa = PBXTargetDependency;
			target = F45E499219EAF53000977215 /* PickerData */;
			targetProxy = F45E49A919EAF53000977215 /* PBXContainerItemProxy */;
		};
/* End PBXTargetDependency section */

/* Begin PBXVariantGroup section */
		F45E499C19EAF53000977215 /* Main.storyboard */ = {
			isa = PBXVariantGroup;
			children = (
				F45E499D19EAF53000977215 /* Base */,
			);
			name = Main.storyboard;
			sourceTree = "<group>";
		};
		F45E49A119EAF53000977215 /* LaunchScreen.xib */ = {
			isa = PBXVariantGroup;
			children = (
				F45E49A219EAF53000977215 /* Base */,
			);
			name = LaunchScreen.xib;
			sourceTree = "<group>";
		};
/* End PBXVariantGroup section */

/* Begin XCBuildConfiguration section */
		F45E49B019EAF53000977215 /* Debug */ = {
			isa = XCBuildConfiguration;
			buildSettings = {
				ALWAYS_SEARCH_USER_PATHS = NO;
				CLANG_CXX_LANGUAGE_STANDARD = "gnu++0x";
				CLANG_CXX_LIBRARY = "libc++";
				CLANG_ENABLE_MODULES = YES;
				CLANG_ENABLE_OBJC_ARC = YES;
				CLANG_WARN_BOOL_CONVERSION = YES;
				CLANG_WARN_CONSTANT_CONVERSION = YES;
				CLANG_WARN_DIRECT_OBJC_ISA_USAGE = YES_ERROR;
				CLANG_WARN_EMPTY_BODY = YES;
				CLANG_WARN_ENUM_CONVERSION = YES;
				CLANG_WARN_INT_CONVERSION = YES;
				CLANG_WARN_OBJC_ROOT_CLASS = YES_ERROR;
				CLANG_WARN_UNREACHABLE_CODE = YES;
				CLANG_WARN__DUPLICATE_METHOD_MATCH = YES;
				"CODE_SIGN_IDENTITY[sdk=iphoneos*]" = "iPhone Developer";
				COPY_PHASE_STRIP = NO;
				ENABLE_STRICT_OBJC_MSGSEND = YES;
				GCC_C_LANGUAGE_STANDARD = gnu99;
				GCC_DYNAMIC_NO_PIC = NO;
				GCC_OPTIMIZATION_LEVEL = 0;
				GCC_PREPROCESSOR_DEFINITIONS = (
					"DEBUG=1",
					"$(inherited)",
				);
				GCC_SYMBOLS_PRIVATE_EXTERN = NO;
				GCC_WARN_64_TO_32_BIT_CONVERSION = YES;
				GCC_WARN_ABOUT_RETURN_TYPE = YES_ERROR;
				GCC_WARN_UNDECLARED_SELECTOR = YES;
				GCC_WARN_UNINITIALIZED_AUTOS = YES_AGGRESSIVE;
				GCC_WARN_UNUSED_FUNCTION = YES;
				GCC_WARN_UNUSED_VARIABLE = YES;
				IPHONEOS_DEPLOYMENT_TARGET = 8.1;
				MTL_ENABLE_DEBUG_INFO = YES;
				ONLY_ACTIVE_ARCH = YES;
				SDKROOT = iphoneos;
				SWIFT_OPTIMIZATION_LEVEL = "-Onone";
			};
			name = Debug;
		};
		F45E49B119EAF53000977215 /* Release */ = {
			isa = XCBuildConfiguration;
			buildSettings = {
				ALWAYS_SEARCH_USER_PATHS = NO;
				CLANG_CXX_LANGUAGE_STANDARD = "gnu++0x";
				CLANG_CXX_LIBRARY = "libc++";
				CLANG_ENABLE_MODULES = YES;
				CLANG_ENABLE_OBJC_ARC = YES;
				CLANG_WARN_BOOL_CONVERSION = YES;
				CLANG_WARN_CONSTANT_CONVERSION = YES;
				CLANG_WARN_DIRECT_OBJC_ISA_USAGE = YES_ERROR;
				CLANG_WARN_EMPTY_BODY = YES;
				CLANG_WARN_ENUM_CONVERSION = YES;
				CLANG_WARN_INT_CONVERSION = YES;
				CLANG_WARN_OBJC_ROOT_CLASS = YES_ERROR;
				CLANG_WARN_UNREACHABLE_CODE = YES;
				CLANG_WARN__DUPLICATE_METHOD_MATCH = YES;
				"CODE_SIGN_IDENTITY[sdk=iphoneos*]" = "iPhone Developer";
				COPY_PHASE_STRIP = YES;
				ENABLE_NS_ASSERTIONS = NO;
				ENABLE_STRICT_OBJC_MSGSEND = YES;
				GCC_C_LANGUAGE_STANDARD = gnu99;
				GCC_WARN_64_TO_32_BIT_CONVERSION = YES;
				GCC_WARN_ABOUT_RETURN_TYPE = YES_ERROR;
				GCC_WARN_UNDECLARED_SELECTOR = YES;
				GCC_WARN_UNINITIALIZED_AUTOS = YES_AGGRESSIVE;
				GCC_WARN_UNUSED_FUNCTION = YES;
				GCC_WARN_UNUSED_VARIABLE = YES;
				IPHONEOS_DEPLOYMENT_TARGET = 8.1;
				MTL_ENABLE_DEBUG_INFO = NO;
				SDKROOT = iphoneos;
				VALIDATE_PRODUCT = YES;
			};
			name = Release;
		};
		F45E49B319EAF53000977215 /* Debug */ = {
			isa = XCBuildConfiguration;
			buildSettings = {
				ASSETCATALOG_COMPILER_APPICON_NAME = AppIcon;
				INFOPLIST_FILE = PickerData/Info.plist;
				LD_RUNPATH_SEARCH_PATHS = "$(inherited) @executable_path/Frameworks";
				PRODUCT_NAME = "$(TARGET_NAME)";
			};
			name = Debug;
		};
		F45E49B419EAF53000977215 /* Release */ = {
			isa = XCBuildConfiguration;
			buildSettings = {
				ASSETCATALOG_COMPILER_APPICON_NAME = AppIcon;
				INFOPLIST_FILE = PickerData/Info.plist;
				LD_RUNPATH_SEARCH_PATHS = "$(inherited) @executable_path/Frameworks";
				PRODUCT_NAME = "$(TARGET_NAME)";
			};
			name = Release;
		};
		F45E49B619EAF53000977215 /* Debug */ = {
			isa = XCBuildConfiguration;
			buildSettings = {
				BUNDLE_LOADER = "$(TEST_HOST)";
				FRAMEWORK_SEARCH_PATHS = (
					"$(SDKROOT)/Developer/Library/Frameworks",
					"$(inherited)",
				);
				GCC_PREPROCESSOR_DEFINITIONS = (
					"DEBUG=1",
					"$(inherited)",
				);
				INFOPLIST_FILE = PickerDataTests/Info.plist;
				LD_RUNPATH_SEARCH_PATHS = "$(inherited) @executable_path/Frameworks @loader_path/Frameworks";
				PRODUCT_NAME = "$(TARGET_NAME)";
				TEST_HOST = "$(BUILT_PRODUCTS_DIR)/PickerData.app/PickerData";
			};
			name = Debug;
		};
		F45E49B719EAF53000977215 /* Release */ = {
			isa = XCBuildConfiguration;
			buildSettings = {
				BUNDLE_LOADER = "$(TEST_HOST)";
				FRAMEWORK_SEARCH_PATHS = (
					"$(SDKROOT)/Developer/Library/Frameworks",
					"$(inherited)",
				);
				INFOPLIST_FILE = PickerDataTests/Info.plist;
				LD_RUNPATH_SEARCH_PATHS = "$(inherited) @executable_path/Frameworks @loader_path/Frameworks";
				PRODUCT_NAME = "$(TARGET_NAME)";
				TEST_HOST = "$(BUILT_PRODUCTS_DIR)/PickerData.app/PickerData";
			};
			name = Release;
		};
/* End XCBuildConfiguration section */

/* Begin XCConfigurationList section */
		F45E498E19EAF53000977215 /* Build configuration list for PBXProject "PickerData" */ = {
			isa = XCConfigurationList;
			buildConfigurations = (
				F45E49B019EAF53000977215 /* Debug */,
				F45E49B119EAF53000977215 /* Release */,
			);
			defaultConfigurationIsVisible = 0;
			defaultConfigurationName = Release;
		};
		F45E49B219EAF53000977215 /* Build configuration list for PBXNativeTarget "PickerData" */ = {
			isa = XCConfigurationList;
			buildConfigurations = (
				F45E49B319EAF53000977215 /* Debug */,
				F45E49B419EAF53000977215 /* Release */,
			);
			defaultConfigurationIsVisible = 0;
			defaultConfigurationName = Release;
		};
		F45E49B519EAF53000977215 /* Build configuration list for PBXNativeTarget "PickerDataTests" */ = {
			isa = XCConfigurationList;
			buildConfigurations = (
				F45E49B619EAF53000977215 /* Debug */,
				F45E49B719EAF53000977215 /* Release */,
			);
			defaultConfigurationIsVisible = 0;
			defaultConfigurationName = Release;
		};
/* End XCConfigurationList section */
	};
	rootObject = F45E498B19EAF53000977215 /* Project object */;
}
