// !$*UTF8*$!
{
	archiveVersion = 1;
	classes = {
	};
	objectVersion = 46;
	objects = {

/* Begin PBXBuildFile section */
		293234D71A9A79C700F5411B /* AppDelegate.swift in Sources */ = {isa = PBXBuildFile; fileRef = 293234D61A9A79C700F5411B /* AppDelegate.swift */; };
		293234D91A9A79C700F5411B /* MasterViewController.swift in Sources */ = {isa = PBXBuildFile; fileRef = 293234D81A9A79C700F5411B /* MasterViewController.swift */; };
		293234DB1A9A79C700F5411B /* DetailViewController.swift in Sources */ = {isa = PBXBuildFile; fileRef = 293234DA1A9A79C700F5411B /* DetailViewController.swift */; };
		293234DE1A9A79C700F5411B /* Main.storyboard in Resources */ = {isa = PBXBuildFile; fileRef = 293234DC1A9A79C700F5411B /* Main.storyboard */; };
		293234E01A9A79C700F5411B /* Images.xcassets in Resources */ = {isa = PBXBuildFile; fileRef = 293234DF1A9A79C700F5411B /* Images.xcassets */; };
		293234E31A9A79C700F5411B /* LaunchScreen.xib in Resources */ = {isa = PBXBuildFile; fileRef = 293234E11A9A79C700F5411B /* LaunchScreen.xib */; };
		293234EF1A9A79C700F5411B /* MDDemoTests.swift in Sources */ = {isa = PBXBuildFile; fileRef = 293234EE1A9A79C700F5411B /* MDDemoTests.swift */; };
/* End PBXBuildFile section */

/* Begin PBXContainerItemProxy section */
		293234E91A9A79C700F5411B /* PBXContainerItemProxy */ = {
			isa = PBXContainerItemProxy;
			containerPortal = 293234C91A9A79C700F5411B /* Project object */;
			proxyType = 1;
			remoteGlobalIDString = 293234D01A9A79C700F5411B;
			remoteInfo = MDDemo;
		};
/* End PBXContainerItemProxy section */

/* Begin PBXFileReference section */
		293234D11A9A79C700F5411B /* MDDemo.app */ = {isa = PBXFileReference; explicitFileType = wrapper.application; includeInIndex = 0; path = MDDemo.app; sourceTree = BUILT_PRODUCTS_DIR; };
		293234D51A9A79C700F5411B /* Info.plist */ = {isa = PBXFileReference; lastKnownFileType = text.plist.xml; path = Info.plist; sourceTree = "<group>"; };
		293234D61A9A79C700F5411B /* AppDelegate.swift */ = {isa = PBXFileReference; lastKnownFileType = sourcecode.swift; path = AppDelegate.swift; sourceTree = "<group>"; };
		293234D81A9A79C700F5411B /* MasterViewController.swift */ = {isa = PBXFileReference; lastKnownFileType = sourcecode.swift; path = MasterViewController.swift; sourceTree = "<group>"; };
		293234DA1A9A79C700F5411B /* DetailViewController.swift */ = {isa = PBXFileReference; lastKnownFileType = sourcecode.swift; path = DetailViewController.swift; sourceTree = "<group>"; };
		293234DD1A9A79C700F5411B /* Base */ = {isa = PBXFileReference; lastKnownFileType = file.storyboard; name = Base; path = Base.lproj/Main.storyboard; sourceTree = "<group>"; };
		293234DF1A9A79C700F5411B /* Images.xcassets */ = {isa = PBXFileReference; lastKnownFileType = folder.assetcatalog; path = Images.xcassets; sourceTree = "<group>"; };
		293234E21A9A79C700F5411B /* Base */ = {isa = PBXFileReference; lastKnownFileType = file.xib; name = Base; path = Base.lproj/LaunchScreen.xib; sourceTree = "<group>"; };
		293234E81A9A79C700F5411B /* MDDemoTests.xctest */ = {isa = PBXFileReference; explicitFileType = wrapper.cfbundle; includeInIndex = 0; path = MDDemoTests.xctest; sourceTree = BUILT_PRODUCTS_DIR; };
		293234ED1A9A79C700F5411B /* Info.plist */ = {isa = PBXFileReference; lastKnownFileType = text.plist.xml; path = Info.plist; sourceTree = "<group>"; };
		293234EE1A9A79C700F5411B /* MDDemoTests.swift */ = {isa = PBXFileReference; lastKnownFileType = sourcecode.swift; path = MDDemoTests.swift; sourceTree = "<group>"; };
/* End PBXFileReference section */

/* Begin PBXFrameworksBuildPhase section */
		293234CE1A9A79C700F5411B /* Frameworks */ = {
			isa = PBXFrameworksBuildPhase;
			buildActionMask = 2147483647;
			files = (
			);
			runOnlyForDeploymentPostprocessing = 0;
		};
		293234E51A9A79C700F5411B /* Frameworks */ = {
			isa = PBXFrameworksBuildPhase;
			buildActionMask = 2147483647;
			files = (
			);
			runOnlyForDeploymentPostprocessing = 0;
		};
/* End PBXFrameworksBuildPhase section */

/* Begin PBXGroup section */
		293234C81A9A79C700F5411B = {
			isa = PBXGroup;
			children = (
				293234D31A9A79C700F5411B /* MDDemo */,
				293234EB1A9A79C700F5411B /* MDDemoTests */,
				293234D21A9A79C700F5411B /* Products */,
			);
			sourceTree = "<group>";
		};
		293234D21A9A79C700F5411B /* Products */ = {
			isa = PBXGroup;
			children = (
				293234D11A9A79C700F5411B /* MDDemo.app */,
				293234E81A9A79C700F5411B /* MDDemoTests.xctest */,
			);
			name = Products;
			sourceTree = "<group>";
		};
		293234D31A9A79C700F5411B /* MDDemo */ = {
			isa = PBXGroup;
			children = (
				293234D61A9A79C700F5411B /* AppDelegate.swift */,
				293234D81A9A79C700F5411B /* MasterViewController.swift */,
				293234DA1A9A79C700F5411B /* DetailViewController.swift */,
				293234DC1A9A79C700F5411B /* Main.storyboard */,
				293234DF1A9A79C700F5411B /* Images.xcassets */,
				293234E11A9A79C700F5411B /* LaunchScreen.xib */,
				293234D41A9A79C700F5411B /* Supporting Files */,
			);
			path = MDDemo;
			sourceTree = "<group>";
		};
		293234D41A9A79C700F5411B /* Supporting Files */ = {
			isa = PBXGroup;
			children = (
				293234D51A9A79C700F5411B /* Info.plist */,
			);
			name = "Supporting Files";
			sourceTree = "<group>";
		};
		293234EB1A9A79C700F5411B /* MDDemoTests */ = {
			isa = PBXGroup;
			children = (
				293234EE1A9A79C700F5411B /* MDDemoTests.swift */,
				293234EC1A9A79C700F5411B /* Supporting Files */,
			);
			path = MDDemoTests;
			sourceTree = "<group>";
		};
		293234EC1A9A79C700F5411B /* Supporting Files */ = {
			isa = PBXGroup;
			children = (
				293234ED1A9A79C700F5411B /* Info.plist */,
			);
			name = "Supporting Files";
			sourceTree = "<group>";
		};
/* End PBXGroup section */

/* Begin PBXNativeTarget section */
		293234D01A9A79C700F5411B /* MDDemo */ = {
			isa = PBXNativeTarget;
			buildConfigurationList = 293234F21A9A79C700F5411B /* Build configuration list for PBXNativeTarget "MDDemo" */;
			buildPhases = (
				293234CD1A9A79C700F5411B /* Sources */,
				293234CE1A9A79C700F5411B /* Frameworks */,
				293234CF1A9A79C700F5411B /* Resources */,
			);
			buildRules = (
			);
			dependencies = (
			);
			name = MDDemo;
			productName = MDDemo;
			productReference = 293234D11A9A79C700F5411B /* MDDemo.app */;
			productType = "com.apple.product-type.application";
		};
		293234E71A9A79C700F5411B /* MDDemoTests */ = {
			isa = PBXNativeTarget;
			buildConfigurationList = 293234F51A9A79C700F5411B /* Build configuration list for PBXNativeTarget "MDDemoTests" */;
			buildPhases = (
				293234E41A9A79C700F5411B /* Sources */,
				293234E51A9A79C700F5411B /* Frameworks */,
				293234E61A9A79C700F5411B /* Resources */,
			);
			buildRules = (
			);
			dependencies = (
				293234EA1A9A79C700F5411B /* PBXTargetDependency */,
			);
			name = MDDemoTests;
			productName = MDDemoTests;
			productReference = 293234E81A9A79C700F5411B /* MDDemoTests.xctest */;
			productType = "com.apple.product-type.bundle.unit-test";
		};
/* End PBXNativeTarget section */

/* Begin PBXProject section */
		293234C91A9A79C700F5411B /* Project object */ = {
			isa = PBXProject;
			attributes = {
				LastUpgradeCheck = 0610;
				ORGANIZATIONNAME = Parsclick;
				TargetAttributes = {
					293234D01A9A79C700F5411B = {
						CreatedOnToolsVersion = 6.1.1;
					};
					293234E71A9A79C700F5411B = {
						CreatedOnToolsVersion = 6.1.1;
						TestTargetID = 293234D01A9A79C700F5411B;
					};
				};
			};
			buildConfigurationList = 293234CC1A9A79C700F5411B /* Build configuration list for PBXProject "MDDemo" */;
			compatibilityVersion = "Xcode 3.2";
			developmentRegion = English;
			hasScannedForEncodings = 0;
			knownRegions = (
				en,
				Base,
			);
			mainGroup = 293234C81A9A79C700F5411B;
			productRefGroup = 293234D21A9A79C700F5411B /* Products */;
			projectDirPath = "";
			projectRoot = "";
			targets = (
				293234D01A9A79C700F5411B /* MDDemo */,
				293234E71A9A79C700F5411B /* MDDemoTests */,
			);
		};
/* End PBXProject section */

/* Begin PBXResourcesBuildPhase section */
		293234CF1A9A79C700F5411B /* Resources */ = {
			isa = PBXResourcesBuildPhase;
			buildActionMask = 2147483647;
			files = (
				293234DE1A9A79C700F5411B /* Main.storyboard in Resources */,
				293234E31A9A79C700F5411B /* LaunchScreen.xib in Resources */,
				293234E01A9A79C700F5411B /* Images.xcassets in Resources */,
			);
			runOnlyForDeploymentPostprocessing = 0;
		};
		293234E61A9A79C700F5411B /* Resources */ = {
			isa = PBXResourcesBuildPhase;
			buildActionMask = 2147483647;
			files = (
			);
			runOnlyForDeploymentPostprocessing = 0;
		};
/* End PBXResourcesBuildPhase section */

/* Begin PBXSourcesBuildPhase section */
		293234CD1A9A79C700F5411B /* Sources */ = {
			isa = PBXSourcesBuildPhase;
			buildActionMask = 2147483647;
			files = (
				293234DB1A9A79C700F5411B /* DetailViewController.swift in Sources */,
				293234D91A9A79C700F5411B /* MasterViewController.swift in Sources */,
				293234D71A9A79C700F5411B /* AppDelegate.swift in Sources */,
			);
			runOnlyForDeploymentPostprocessing = 0;
		};
		293234E41A9A79C700F5411B /* Sources */ = {
			isa = PBXSourcesBuildPhase;
			buildActionMask = 2147483647;
			files = (
				293234EF1A9A79C700F5411B /* MDDemoTests.swift in Sources */,
			);
			runOnlyForDeploymentPostprocessing = 0;
		};
/* End PBXSourcesBuildPhase section */

/* Begin PBXTargetDependency section */
		293234EA1A9A79C700F5411B /* PBXTargetDependency */ = {
			isa = PBXTargetDependency;
			target = 293234D01A9A79C700F5411B /* MDDemo */;
			targetProxy = 293234E91A9A79C700F5411B /* PBXContainerItemProxy */;
		};
/* End PBXTargetDependency section */

/* Begin PBXVariantGroup section */
		293234DC1A9A79C700F5411B /* Main.storyboard */ = {
			isa = PBXVariantGroup;
			children = (
				293234DD1A9A79C700F5411B /* Base */,
			);
			name = Main.storyboard;
			sourceTree = "<group>";
		};
		293234E11A9A79C700F5411B /* LaunchScreen.xib */ = {
			isa = PBXVariantGroup;
			children = (
				293234E21A9A79C700F5411B /* Base */,
			);
			name = LaunchScreen.xib;
			sourceTree = "<group>";
		};
/* End PBXVariantGroup section */

/* Begin XCBuildConfiguration section */
		293234F01A9A79C700F5411B /* Debug */ = {
			isa = XCBuildConfiguration;
			buildSettings = {
				ALWAYS_SEARCH_USER_PATHS = NO;
				CLANG_CXX_LANGUAGE_STANDARD = "gnu++0x";
				CLANG_CXX_LIBRARY = "libc++";
				CLANG_ENABLE_MODULES = YES;
				CLANG_ENABLE_OBJC_ARC = YES;
				CLANG_WARN_BOOL_CONVERSION = YES;
				CLANG_WARN_CONSTANT_CONVERSION = YES;
				CLANG_WARN_DIRECT_OBJC_ISA_USAGE = YES_ERROR;
				CLANG_WARN_EMPTY_BODY = YES;
				CLANG_WARN_ENUM_CONVERSION = YES;
				CLANG_WARN_INT_CONVERSION = YES;
				CLANG_WARN_OBJC_ROOT_CLASS = YES_ERROR;
				CLANG_WARN_UNREACHABLE_CODE = YES;
				CLANG_WARN__DUPLICATE_METHOD_MATCH = YES;
				"CODE_SIGN_IDENTITY[sdk=iphoneos*]" = "iPhone Developer";
				COPY_PHASE_STRIP = NO;
				ENABLE_STRICT_OBJC_MSGSEND = YES;
				GCC_C_LANGUAGE_STANDARD = gnu99;
				GCC_DYNAMIC_NO_PIC = NO;
				GCC_OPTIMIZATION_LEVEL = 0;
				GCC_PREPROCESSOR_DEFINITIONS = (
					"DEBUG=1",
					"$(inherited)",
				);
				GCC_SYMBOLS_PRIVATE_EXTERN = NO;
				GCC_WARN_64_TO_32_BIT_CONVERSION = YES;
				GCC_WARN_ABOUT_RETURN_TYPE = YES_ERROR;
				GCC_WARN_UNDECLARED_SELECTOR = YES;
				GCC_WARN_UNINITIALIZED_AUTOS = YES_AGGRESSIVE;
				GCC_WARN_UNUSED_FUNCTION = YES;
				GCC_WARN_UNUSED_VARIABLE = YES;
				IPHONEOS_DEPLOYMENT_TARGET = 8.1;
				MTL_ENABLE_DEBUG_INFO = YES;
				ONLY_ACTIVE_ARCH = YES;
				SDKROOT = iphoneos;
				SWIFT_OPTIMIZATION_LEVEL = "-Onone";
			};
			name = Debug;
		};
		293234F11A9A79C700F5411B /* Release */ = {
			isa = XCBuildConfiguration;
			buildSettings = {
				ALWAYS_SEARCH_USER_PATHS = NO;
				CLANG_CXX_LANGUAGE_STANDARD = "gnu++0x";
				CLANG_CXX_LIBRARY = "libc++";
				CLANG_ENABLE_MODULES = YES;
				CLANG_ENABLE_OBJC_ARC = YES;
				CLANG_WARN_BOOL_CONVERSION = YES;
				CLANG_WARN_CONSTANT_CONVERSION = YES;
				CLANG_WARN_DIRECT_OBJC_ISA_USAGE = YES_ERROR;
				CLANG_WARN_EMPTY_BODY = YES;
				CLANG_WARN_ENUM_CONVERSION = YES;
				CLANG_WARN_INT_CONVERSION = YES;
				CLANG_WARN_OBJC_ROOT_CLASS = YES_ERROR;
				CLANG_WARN_UNREACHABLE_CODE = YES;
				CLANG_WARN__DUPLICATE_METHOD_MATCH = YES;
				"CODE_SIGN_IDENTITY[sdk=iphoneos*]" = "iPhone Developer";
				COPY_PHASE_STRIP = YES;
				ENABLE_NS_ASSERTIONS = NO;
				ENABLE_STRICT_OBJC_MSGSEND = YES;
				GCC_C_LANGUAGE_STANDARD = gnu99;
				GCC_WARN_64_TO_32_BIT_CONVERSION = YES;
				GCC_WARN_ABOUT_RETURN_TYPE = YES_ERROR;
				GCC_WARN_UNDECLARED_SELECTOR = YES;
				GCC_WARN_UNINITIALIZED_AUTOS = YES_AGGRESSIVE;
				GCC_WARN_UNUSED_FUNCTION = YES;
				GCC_WARN_UNUSED_VARIABLE = YES;
				IPHONEOS_DEPLOYMENT_TARGET = 8.1;
				MTL_ENABLE_DEBUG_INFO = NO;
				SDKROOT = iphoneos;
				VALIDATE_PRODUCT = YES;
			};
			name = Release;
		};
		293234F31A9A79C700F5411B /* Debug */ = {
			isa = XCBuildConfiguration;
			buildSettings = {
				ASSETCATALOG_COMPILER_APPICON_NAME = AppIcon;
				INFOPLIST_FILE = MDDemo/Info.plist;
				LD_RUNPATH_SEARCH_PATHS = "$(inherited) @executable_path/Frameworks";
				PRODUCT_NAME = "$(TARGET_NAME)";
			};
			name = Debug;
		};
		293234F41A9A79C700F5411B /* Release */ = {
			isa = XCBuildConfiguration;
			buildSettings = {
				ASSETCATALOG_COMPILER_APPICON_NAME = AppIcon;
				INFOPLIST_FILE = MDDemo/Info.plist;
				LD_RUNPATH_SEARCH_PATHS = "$(inherited) @executable_path/Frameworks";
				PRODUCT_NAME = "$(TARGET_NAME)";
			};
			name = Release;
		};
		293234F61A9A79C700F5411B /* Debug */ = {
			isa = XCBuildConfiguration;
			buildSettings = {
				BUNDLE_LOADER = "$(TEST_HOST)";
				FRAMEWORK_SEARCH_PATHS = (
					"$(SDKROOT)/Developer/Library/Frameworks",
					"$(inherited)",
				);
				GCC_PREPROCESSOR_DEFINITIONS = (
					"DEBUG=1",
					"$(inherited)",
				);
				INFOPLIST_FILE = MDDemoTests/Info.plist;
				LD_RUNPATH_SEARCH_PATHS = "$(inherited) @executable_path/Frameworks @loader_path/Frameworks";
				PRODUCT_NAME = "$(TARGET_NAME)";
				TEST_HOST = "$(BUILT_PRODUCTS_DIR)/MDDemo.app/MDDemo";
			};
			name = Debug;
		};
		293234F71A9A79C700F5411B /* Release */ = {
			isa = XCBuildConfiguration;
			buildSettings = {
				BUNDLE_LOADER = "$(TEST_HOST)";
				FRAMEWORK_SEARCH_PATHS = (
					"$(SDKROOT)/Developer/Library/Frameworks",
					"$(inherited)",
				);
				INFOPLIST_FILE = MDDemoTests/Info.plist;
				LD_RUNPATH_SEARCH_PATHS = "$(inherited) @executable_path/Frameworks @loader_path/Frameworks";
				PRODUCT_NAME = "$(TARGET_NAME)";
				TEST_HOST = "$(BUILT_PRODUCTS_DIR)/MDDemo.app/MDDemo";
			};
			name = Release;
		};
/* End XCBuildConfiguration section */

/* Begin XCConfigurationList section */
		293234CC1A9A79C700F5411B /* Build configuration list for PBXProject "MDDemo" */ = {
			isa = XCConfigurationList;
			buildConfigurations = (
				293234F01A9A79C700F5411B /* Debug */,
				293234F11A9A79C700F5411B /* Release */,
			);
			defaultConfigurationIsVisible = 0;
			defaultConfigurationName = Release;
		};
		293234F21A9A79C700F5411B /* Build configuration list for PBXNativeTarget "MDDemo" */ = {
			isa = XCConfigurationList;
			buildConfigurations = (
				293234F31A9A79C700F5411B /* Debug */,
				293234F41A9A79C700F5411B /* Release */,
			);
			defaultConfigurationIsVisible = 0;
		};
		293234F51A9A79C700F5411B /* Build configuration list for PBXNativeTarget "MDDemoTests" */ = {
			isa = XCConfigurationList;
			buildConfigurations = (
				293234F61A9A79C700F5411B /* Debug */,
				293234F71A9A79C700F5411B /* Release */,
			);
			defaultConfigurationIsVisible = 0;
		};
/* End XCConfigurationList section */
	};
	rootObject = 293234C91A9A79C700F5411B /* Project object */;
}
