// !$*UTF8*$!
{
	archiveVersion = 1;
	classes = {
	};
	objectVersion = 46;
	objects = {

/* Begin PBXBuildFile section */
		294095561A9BB76F009CF2F2 /* AppDelegate.swift in Sources */ = {isa = PBXBuildFile; fileRef = 294095551A9BB76F009CF2F2 /* AppDelegate.swift */; };
		294095581A9BB76F009CF2F2 /* ViewController.swift in Sources */ = {isa = PBXBuildFile; fileRef = 294095571A9BB76F009CF2F2 /* ViewController.swift */; };
		2940955B1A9BB76F009CF2F2 /* Main.storyboard in Resources */ = {isa = PBXBuildFile; fileRef = 294095591A9BB76F009CF2F2 /* Main.storyboard */; };
		2940955D1A9BB76F009CF2F2 /* Images.xcassets in Resources */ = {isa = PBXBuildFile; fileRef = 2940955C1A9BB76F009CF2F2 /* Images.xcassets */; };
		294095601A9BB76F009CF2F2 /* LaunchScreen.xib in Resources */ = {isa = PBXBuildFile; fileRef = 2940955E1A9BB76F009CF2F2 /* LaunchScreen.xib */; };
		2940956C1A9BB76F009CF2F2 /* ModalViewDemoTests.swift in Sources */ = {isa = PBXBuildFile; fileRef = 2940956B1A9BB76F009CF2F2 /* ModalViewDemoTests.swift */; };
		294095761A9BB8AD009CF2F2 /* ModalViewController.swift in Sources */ = {isa = PBXBuildFile; fileRef = 294095751A9BB8AD009CF2F2 /* ModalViewController.swift */; };
/* End PBXBuildFile section */

/* Begin PBXContainerItemProxy section */
		294095661A9BB76F009CF2F2 /* PBXContainerItemProxy */ = {
			isa = PBXContainerItemProxy;
			containerPortal = 294095481A9BB76F009CF2F2 /* Project object */;
			proxyType = 1;
			remoteGlobalIDString = 2940954F1A9BB76F009CF2F2;
			remoteInfo = ModalViewDemo;
		};
/* End PBXContainerItemProxy section */

/* Begin PBXFileReference section */
		294095501A9BB76F009CF2F2 /* ModalViewDemo.app */ = {isa = PBXFileReference; explicitFileType = wrapper.application; includeInIndex = 0; path = ModalViewDemo.app; sourceTree = BUILT_PRODUCTS_DIR; };
		294095541A9BB76F009CF2F2 /* Info.plist */ = {isa = PBXFileReference; lastKnownFileType = text.plist.xml; path = Info.plist; sourceTree = "<group>"; };
		294095551A9BB76F009CF2F2 /* AppDelegate.swift */ = {isa = PBXFileReference; lastKnownFileType = sourcecode.swift; path = AppDelegate.swift; sourceTree = "<group>"; };
		294095571A9BB76F009CF2F2 /* ViewController.swift */ = {isa = PBXFileReference; lastKnownFileType = sourcecode.swift; path = ViewController.swift; sourceTree = "<group>"; };
		2940955A1A9BB76F009CF2F2 /* Base */ = {isa = PBXFileReference; lastKnownFileType = file.storyboard; name = Base; path = Base.lproj/Main.storyboard; sourceTree = "<group>"; };
		2940955C1A9BB76F009CF2F2 /* Images.xcassets */ = {isa = PBXFileReference; lastKnownFileType = folder.assetcatalog; path = Images.xcassets; sourceTree = "<group>"; };
		2940955F1A9BB76F009CF2F2 /* Base */ = {isa = PBXFileReference; lastKnownFileType = file.xib; name = Base; path = Base.lproj/LaunchScreen.xib; sourceTree = "<group>"; };
		294095651A9BB76F009CF2F2 /* ModalViewDemoTests.xctest */ = {isa = PBXFileReference; explicitFileType = wrapper.cfbundle; includeInIndex = 0; path = ModalViewDemoTests.xctest; sourceTree = BUILT_PRODUCTS_DIR; };
		2940956A1A9BB76F009CF2F2 /* Info.plist */ = {isa = PBXFileReference; lastKnownFileType = text.plist.xml; path = Info.plist; sourceTree = "<group>"; };
		2940956B1A9BB76F009CF2F2 /* ModalViewDemoTests.swift */ = {isa = PBXFileReference; lastKnownFileType = sourcecode.swift; path = ModalViewDemoTests.swift; sourceTree = "<group>"; };
		294095751A9BB8AD009CF2F2 /* ModalViewController.swift */ = {isa = PBXFileReference; fileEncoding = 4; lastKnownFileType = sourcecode.swift; path = ModalViewController.swift; sourceTree = "<group>"; };
/* End PBXFileReference section */

/* Begin PBXFrameworksBuildPhase section */
		2940954D1A9BB76F009CF2F2 /* Frameworks */ = {
			isa = PBXFrameworksBuildPhase;
			buildActionMask = 2147483647;
			files = (
			);
			runOnlyForDeploymentPostprocessing = 0;
		};
		294095621A9BB76F009CF2F2 /* Frameworks */ = {
			isa = PBXFrameworksBuildPhase;
			buildActionMask = 2147483647;
			files = (
			);
			runOnlyForDeploymentPostprocessing = 0;
		};
/* End PBXFrameworksBuildPhase section */

/* Begin PBXGroup section */
		294095471A9BB76F009CF2F2 = {
			isa = PBXGroup;
			children = (
				294095521A9BB76F009CF2F2 /* ModalViewDemo */,
				294095681A9BB76F009CF2F2 /* ModalViewDemoTests */,
				294095511A9BB76F009CF2F2 /* Products */,
			);
			sourceTree = "<group>";
		};
		294095511A9BB76F009CF2F2 /* Products */ = {
			isa = PBXGroup;
			children = (
				294095501A9BB76F009CF2F2 /* ModalViewDemo.app */,
				294095651A9BB76F009CF2F2 /* ModalViewDemoTests.xctest */,
			);
			name = Products;
			sourceTree = "<group>";
		};
		294095521A9BB76F009CF2F2 /* ModalViewDemo */ = {
			isa = PBXGroup;
			children = (
				294095551A9BB76F009CF2F2 /* AppDelegate.swift */,
				294095571A9BB76F009CF2F2 /* ViewController.swift */,
				294095591A9BB76F009CF2F2 /* Main.storyboard */,
				294095751A9BB8AD009CF2F2 /* ModalViewController.swift */,
				2940955C1A9BB76F009CF2F2 /* Images.xcassets */,
				2940955E1A9BB76F009CF2F2 /* LaunchScreen.xib */,
				294095531A9BB76F009CF2F2 /* Supporting Files */,
			);
			path = ModalViewDemo;
			sourceTree = "<group>";
		};
		294095531A9BB76F009CF2F2 /* Supporting Files */ = {
			isa = PBXGroup;
			children = (
				294095541A9BB76F009CF2F2 /* Info.plist */,
			);
			name = "Supporting Files";
			sourceTree = "<group>";
		};
		294095681A9BB76F009CF2F2 /* ModalViewDemoTests */ = {
			isa = PBXGroup;
			children = (
				2940956B1A9BB76F009CF2F2 /* ModalViewDemoTests.swift */,
				294095691A9BB76F009CF2F2 /* Supporting Files */,
			);
			path = ModalViewDemoTests;
			sourceTree = "<group>";
		};
		294095691A9BB76F009CF2F2 /* Supporting Files */ = {
			isa = PBXGroup;
			children = (
				2940956A1A9BB76F009CF2F2 /* Info.plist */,
			);
			name = "Supporting Files";
			sourceTree = "<group>";
		};
/* End PBXGroup section */

/* Begin PBXNativeTarget section */
		2940954F1A9BB76F009CF2F2 /* ModalViewDemo */ = {
			isa = PBXNativeTarget;
			buildConfigurationList = 2940956F1A9BB76F009CF2F2 /* Build configuration list for PBXNativeTarget "ModalViewDemo" */;
			buildPhases = (
				2940954C1A9BB76F009CF2F2 /* Sources */,
				2940954D1A9BB76F009CF2F2 /* Frameworks */,
				2940954E1A9BB76F009CF2F2 /* Resources */,
			);
			buildRules = (
			);
			dependencies = (
			);
			name = ModalViewDemo;
			productName = ModalViewDemo;
			productReference = 294095501A9BB76F009CF2F2 /* ModalViewDemo.app */;
			productType = "com.apple.product-type.application";
		};
		294095641A9BB76F009CF2F2 /* ModalViewDemoTests */ = {
			isa = PBXNativeTarget;
			buildConfigurationList = 294095721A9BB76F009CF2F2 /* Build configuration list for PBXNativeTarget "ModalViewDemoTests" */;
			buildPhases = (
				294095611A9BB76F009CF2F2 /* Sources */,
				294095621A9BB76F009CF2F2 /* Frameworks */,
				294095631A9BB76F009CF2F2 /* Resources */,
			);
			buildRules = (
			);
			dependencies = (
				294095671A9BB76F009CF2F2 /* PBXTargetDependency */,
			);
			name = ModalViewDemoTests;
			productName = ModalViewDemoTests;
			productReference = 294095651A9BB76F009CF2F2 /* ModalViewDemoTests.xctest */;
			productType = "com.apple.product-type.bundle.unit-test";
		};
/* End PBXNativeTarget section */

/* Begin PBXProject section */
		294095481A9BB76F009CF2F2 /* Project object */ = {
			isa = PBXProject;
			attributes = {
				LastUpgradeCheck = 0610;
				ORGANIZATIONNAME = Parsclick;
				TargetAttributes = {
					2940954F1A9BB76F009CF2F2 = {
						CreatedOnToolsVersion = 6.1.1;
					};
					294095641A9BB76F009CF2F2 = {
						CreatedOnToolsVersion = 6.1.1;
						TestTargetID = 2940954F1A9BB76F009CF2F2;
					};
				};
			};
			buildConfigurationList = 2940954B1A9BB76F009CF2F2 /* Build configuration list for PBXProject "ModalViewDemo" */;
			compatibilityVersion = "Xcode 3.2";
			developmentRegion = English;
			hasScannedForEncodings = 0;
			knownRegions = (
				en,
				Base,
			);
			mainGroup = 294095471A9BB76F009CF2F2;
			productRefGroup = 294095511A9BB76F009CF2F2 /* Products */;
			projectDirPath = "";
			projectRoot = "";
			targets = (
				2940954F1A9BB76F009CF2F2 /* ModalViewDemo */,
				294095641A9BB76F009CF2F2 /* ModalViewDemoTests */,
			);
		};
/* End PBXProject section */

/* Begin PBXResourcesBuildPhase section */
		2940954E1A9BB76F009CF2F2 /* Resources */ = {
			isa = PBXResourcesBuildPhase;
			buildActionMask = 2147483647;
			files = (
				2940955B1A9BB76F009CF2F2 /* Main.storyboard in Resources */,
				294095601A9BB76F009CF2F2 /* LaunchScreen.xib in Resources */,
				2940955D1A9BB76F009CF2F2 /* Images.xcassets in Resources */,
			);
			runOnlyForDeploymentPostprocessing = 0;
		};
		294095631A9BB76F009CF2F2 /* Resources */ = {
			isa = PBXResourcesBuildPhase;
			buildActionMask = 2147483647;
			files = (
			);
			runOnlyForDeploymentPostprocessing = 0;
		};
/* End PBXResourcesBuildPhase section */

/* Begin PBXSourcesBuildPhase section */
		2940954C1A9BB76F009CF2F2 /* Sources */ = {
			isa = PBXSourcesBuildPhase;
			buildActionMask = 2147483647;
			files = (
				294095581A9BB76F009CF2F2 /* ViewController.swift in Sources */,
				294095761A9BB8AD009CF2F2 /* ModalViewController.swift in Sources */,
				294095561A9BB76F009CF2F2 /* AppDelegate.swift in Sources */,
			);
			runOnlyForDeploymentPostprocessing = 0;
		};
		294095611A9BB76F009CF2F2 /* Sources */ = {
			isa = PBXSourcesBuildPhase;
			buildActionMask = 2147483647;
			files = (
				2940956C1A9BB76F009CF2F2 /* ModalViewDemoTests.swift in Sources */,
			);
			runOnlyForDeploymentPostprocessing = 0;
		};
/* End PBXSourcesBuildPhase section */

/* Begin PBXTargetDependency section */
		294095671A9BB76F009CF2F2 /* PBXTargetDependency */ = {
			isa = PBXTargetDependency;
			target = 2940954F1A9BB76F009CF2F2 /* ModalViewDemo */;
			targetProxy = 294095661A9BB76F009CF2F2 /* PBXContainerItemProxy */;
		};
/* End PBXTargetDependency section */

/* Begin PBXVariantGroup section */
		294095591A9BB76F009CF2F2 /* Main.storyboard */ = {
			isa = PBXVariantGroup;
			children = (
				2940955A1A9BB76F009CF2F2 /* Base */,
			);
			name = Main.storyboard;
			sourceTree = "<group>";
		};
		2940955E1A9BB76F009CF2F2 /* LaunchScreen.xib */ = {
			isa = PBXVariantGroup;
			children = (
				2940955F1A9BB76F009CF2F2 /* Base */,
			);
			name = LaunchScreen.xib;
			sourceTree = "<group>";
		};
/* End PBXVariantGroup section */

/* Begin XCBuildConfiguration section */
		2940956D1A9BB76F009CF2F2 /* Debug */ = {
			isa = XCBuildConfiguration;
			buildSettings = {
				ALWAYS_SEARCH_USER_PATHS = NO;
				CLANG_CXX_LANGUAGE_STANDARD = "gnu++0x";
				CLANG_CXX_LIBRARY = "libc++";
				CLANG_ENABLE_MODULES = YES;
				CLANG_ENABLE_OBJC_ARC = YES;
				CLANG_WARN_BOOL_CONVERSION = YES;
				CLANG_WARN_CONSTANT_CONVERSION = YES;
				CLANG_WARN_DIRECT_OBJC_ISA_USAGE = YES_ERROR;
				CLANG_WARN_EMPTY_BODY = YES;
				CLANG_WARN_ENUM_CONVERSION = YES;
				CLANG_WARN_INT_CONVERSION = YES;
				CLANG_WARN_OBJC_ROOT_CLASS = YES_ERROR;
				CLANG_WARN_UNREACHABLE_CODE = YES;
				CLANG_WARN__DUPLICATE_METHOD_MATCH = YES;
				"CODE_SIGN_IDENTITY[sdk=iphoneos*]" = "iPhone Developer";
				COPY_PHASE_STRIP = NO;
				ENABLE_STRICT_OBJC_MSGSEND = YES;
				GCC_C_LANGUAGE_STANDARD = gnu99;
				GCC_DYNAMIC_NO_PIC = NO;
				GCC_OPTIMIZATION_LEVEL = 0;
				GCC_PREPROCESSOR_DEFINITIONS = (
					"DEBUG=1",
					"$(inherited)",
				);
				GCC_SYMBOLS_PRIVATE_EXTERN = NO;
				GCC_WARN_64_TO_32_BIT_CONVERSION = YES;
				GCC_WARN_ABOUT_RETURN_TYPE = YES_ERROR;
				GCC_WARN_UNDECLARED_SELECTOR = YES;
				GCC_WARN_UNINITIALIZED_AUTOS = YES_AGGRESSIVE;
				GCC_WARN_UNUSED_FUNCTION = YES;
				GCC_WARN_UNUSED_VARIABLE = YES;
				IPHONEOS_DEPLOYMENT_TARGET = 8.1;
				MTL_ENABLE_DEBUG_INFO = YES;
				ONLY_ACTIVE_ARCH = YES;
				SDKROOT = iphoneos;
				SWIFT_OPTIMIZATION_LEVEL = "-Onone";
				TARGETED_DEVICE_FAMILY = 2;
			};
			name = Debug;
		};
		2940956E1A9BB76F009CF2F2 /* Release */ = {
			isa = XCBuildConfiguration;
			buildSettings = {
				ALWAYS_SEARCH_USER_PATHS = NO;
				CLANG_CXX_LANGUAGE_STANDARD = "gnu++0x";
				CLANG_CXX_LIBRARY = "libc++";
				CLANG_ENABLE_MODULES = YES;
				CLANG_ENABLE_OBJC_ARC = YES;
				CLANG_WARN_BOOL_CONVERSION = YES;
				CLANG_WARN_CONSTANT_CONVERSION = YES;
				CLANG_WARN_DIRECT_OBJC_ISA_USAGE = YES_ERROR;
				CLANG_WARN_EMPTY_BODY = YES;
				CLANG_WARN_ENUM_CONVERSION = YES;
				CLANG_WARN_INT_CONVERSION = YES;
				CLANG_WARN_OBJC_ROOT_CLASS = YES_ERROR;
				CLANG_WARN_UNREACHABLE_CODE = YES;
				CLANG_WARN__DUPLICATE_METHOD_MATCH = YES;
				"CODE_SIGN_IDENTITY[sdk=iphoneos*]" = "iPhone Developer";
				COPY_PHASE_STRIP = YES;
				ENABLE_NS_ASSERTIONS = NO;
				ENABLE_STRICT_OBJC_MSGSEND = YES;
				GCC_C_LANGUAGE_STANDARD = gnu99;
				GCC_WARN_64_TO_32_BIT_CONVERSION = YES;
				GCC_WARN_ABOUT_RETURN_TYPE = YES_ERROR;
				GCC_WARN_UNDECLARED_SELECTOR = YES;
				GCC_WARN_UNINITIALIZED_AUTOS = YES_AGGRESSIVE;
				GCC_WARN_UNUSED_FUNCTION = YES;
				GCC_WARN_UNUSED_VARIABLE = YES;
				IPHONEOS_DEPLOYMENT_TARGET = 8.1;
				MTL_ENABLE_DEBUG_INFO = NO;
				SDKROOT = iphoneos;
				TARGETED_DEVICE_FAMILY = 2;
				VALIDATE_PRODUCT = YES;
			};
			name = Release;
		};
		294095701A9BB76F009CF2F2 /* Debug */ = {
			isa = XCBuildConfiguration;
			buildSettings = {
				ASSETCATALOG_COMPILER_APPICON_NAME = AppIcon;
				INFOPLIST_FILE = ModalViewDemo/Info.plist;
				LD_RUNPATH_SEARCH_PATHS = "$(inherited) @executable_path/Frameworks";
				PRODUCT_NAME = "$(TARGET_NAME)";
			};
			name = Debug;
		};
		294095711A9BB76F009CF2F2 /* Release */ = {
			isa = XCBuildConfiguration;
			buildSettings = {
				ASSETCATALOG_COMPILER_APPICON_NAME = AppIcon;
				INFOPLIST_FILE = ModalViewDemo/Info.plist;
				LD_RUNPATH_SEARCH_PATHS = "$(inherited) @executable_path/Frameworks";
				PRODUCT_NAME = "$(TARGET_NAME)";
			};
			name = Release;
		};
		294095731A9BB76F009CF2F2 /* Debug */ = {
			isa = XCBuildConfiguration;
			buildSettings = {
				BUNDLE_LOADER = "$(TEST_HOST)";
				FRAMEWORK_SEARCH_PATHS = (
					"$(SDKROOT)/Developer/Library/Frameworks",
					"$(inherited)",
				);
				GCC_PREPROCESSOR_DEFINITIONS = (
					"DEBUG=1",
					"$(inherited)",
				);
				INFOPLIST_FILE = ModalViewDemoTests/Info.plist;
				LD_RUNPATH_SEARCH_PATHS = "$(inherited) @executable_path/Frameworks @loader_path/Frameworks";
				PRODUCT_NAME = "$(TARGET_NAME)";
				TEST_HOST = "$(BUILT_PRODUCTS_DIR)/ModalViewDemo.app/ModalViewDemo";
			};
			name = Debug;
		};
		294095741A9BB76F009CF2F2 /* Release */ = {
			isa = XCBuildConfiguration;
			buildSettings = {
				BUNDLE_LOADER = "$(TEST_HOST)";
				FRAMEWORK_SEARCH_PATHS = (
					"$(SDKROOT)/Developer/Library/Frameworks",
					"$(inherited)",
				);
				INFOPLIST_FILE = ModalViewDemoTests/Info.plist;
				LD_RUNPATH_SEARCH_PATHS = "$(inherited) @executable_path/Frameworks @loader_path/Frameworks";
				PRODUCT_NAME = "$(TARGET_NAME)";
				TEST_HOST = "$(BUILT_PRODUCTS_DIR)/ModalViewDemo.app/ModalViewDemo";
			};
			name = Release;
		};
/* End XCBuildConfiguration section */

/* Begin XCConfigurationList section */
		2940954B1A9BB76F009CF2F2 /* Build configuration list for PBXProject "ModalViewDemo" */ = {
			isa = XCConfigurationList;
			buildConfigurations = (
				2940956D1A9BB76F009CF2F2 /* Debug */,
				2940956E1A9BB76F009CF2F2 /* Release */,
			);
			defaultConfigurationIsVisible = 0;
			defaultConfigurationName = Release;
		};
		2940956F1A9BB76F009CF2F2 /* Build configuration list for PBXNativeTarget "ModalViewDemo" */ = {
			isa = XCConfigurationList;
			buildConfigurations = (
				294095701A9BB76F009CF2F2 /* Debug */,
				294095711A9BB76F009CF2F2 /* Release */,
			);
			defaultConfigurationIsVisible = 0;
		};
		294095721A9BB76F009CF2F2 /* Build configuration list for PBXNativeTarget "ModalViewDemoTests" */ = {
			isa = XCConfigurationList;
			buildConfigurations = (
				294095731A9BB76F009CF2F2 /* Debug */,
				294095741A9BB76F009CF2F2 /* Release */,
			);
			defaultConfigurationIsVisible = 0;
		};
/* End XCConfigurationList section */
	};
	rootObject = 294095481A9BB76F009CF2F2 /* Project object */;
}
