// !$*UTF8*$!
{
	archiveVersion = 1;
	classes = {
	};
	objectVersion = 46;
	objects = {

/* Begin PBXBuildFile section */
		291022441A9B7CDC00211293 /* AppDelegate.swift in Sources */ = {isa = PBXBuildFile; fileRef = 291022431A9B7CDC00211293 /* AppDelegate.swift */; };
		291022491A9B7CDC00211293 /* Main.storyboard in Resources */ = {isa = PBXBuildFile; fileRef = 291022471A9B7CDC00211293 /* Main.storyboard */; };
		2910224B1A9B7CDC00211293 /* Images.xcassets in Resources */ = {isa = PBXBuildFile; fileRef = 2910224A1A9B7CDC00211293 /* Images.xcassets */; };
		2910224E1A9B7CDC00211293 /* LaunchScreen.xib in Resources */ = {isa = PBXBuildFile; fileRef = 2910224C1A9B7CDC00211293 /* LaunchScreen.xib */; };
		2910225A1A9B7CDD00211293 /* PhotoViewerTests.swift in Sources */ = {isa = PBXBuildFile; fileRef = 291022591A9B7CDD00211293 /* PhotoViewerTests.swift */; };
		291022721A9B87B900211293 /* Photo.swift in Sources */ = {isa = PBXBuildFile; fileRef = 291022711A9B87B900211293 /* Photo.swift */; };
		291022781A9B88EC00211293 /* InfoViewController.swift in Sources */ = {isa = PBXBuildFile; fileRef = 291022771A9B88EC00211293 /* InfoViewController.swift */; };
		2910227A1A9B893200211293 /* PhotosTableViewController.swift in Sources */ = {isa = PBXBuildFile; fileRef = 291022791A9B893200211293 /* PhotosTableViewController.swift */; };
		291022801A9B8A4600211293 /* DisplayViewController.swift in Sources */ = {isa = PBXBuildFile; fileRef = 2910227F1A9B8A4600211293 /* DisplayViewController.swift */; };
/* End PBXBuildFile section */

/* Begin PBXContainerItemProxy section */
		291022541A9B7CDD00211293 /* PBXContainerItemProxy */ = {
			isa = PBXContainerItemProxy;
			containerPortal = 291022361A9B7CDC00211293 /* Project object */;
			proxyType = 1;
			remoteGlobalIDString = 2910223D1A9B7CDC00211293;
			remoteInfo = PhotoViewer;
		};
/* End PBXContainerItemProxy section */

/* Begin PBXFileReference section */
		2910223E1A9B7CDC00211293 /* PhotoViewer.app */ = {isa = PBXFileReference; explicitFileType = wrapper.application; includeInIndex = 0; path = PhotoViewer.app; sourceTree = BUILT_PRODUCTS_DIR; };
		291022421A9B7CDC00211293 /* Info.plist */ = {isa = PBXFileReference; lastKnownFileType = text.plist.xml; path = Info.plist; sourceTree = "<group>"; };
		291022431A9B7CDC00211293 /* AppDelegate.swift */ = {isa = PBXFileReference; lastKnownFileType = sourcecode.swift; path = AppDelegate.swift; sourceTree = "<group>"; };
		291022481A9B7CDC00211293 /* Base */ = {isa = PBXFileReference; lastKnownFileType = file.storyboard; name = Base; path = Base.lproj/Main.storyboard; sourceTree = "<group>"; };
		2910224A1A9B7CDC00211293 /* Images.xcassets */ = {isa = PBXFileReference; lastKnownFileType = folder.assetcatalog; path = Images.xcassets; sourceTree = "<group>"; };
		2910224D1A9B7CDC00211293 /* Base */ = {isa = PBXFileReference; lastKnownFileType = file.xib; name = Base; path = Base.lproj/LaunchScreen.xib; sourceTree = "<group>"; };
		291022531A9B7CDD00211293 /* PhotoViewerTests.xctest */ = {isa = PBXFileReference; explicitFileType = wrapper.cfbundle; includeInIndex = 0; path = PhotoViewerTests.xctest; sourceTree = BUILT_PRODUCTS_DIR; };
		291022581A9B7CDD00211293 /* Info.plist */ = {isa = PBXFileReference; lastKnownFileType = text.plist.xml; path = Info.plist; sourceTree = "<group>"; };
		291022591A9B7CDD00211293 /* PhotoViewerTests.swift */ = {isa = PBXFileReference; lastKnownFileType = sourcecode.swift; path = PhotoViewerTests.swift; sourceTree = "<group>"; };
		291022711A9B87B900211293 /* Photo.swift */ = {isa = PBXFileReference; fileEncoding = 4; lastKnownFileType = sourcecode.swift; path = Photo.swift; sourceTree = "<group>"; };
		291022771A9B88EC00211293 /* InfoViewController.swift */ = {isa = PBXFileReference; fileEncoding = 4; lastKnownFileType = sourcecode.swift; path = InfoViewController.swift; sourceTree = "<group>"; };
		291022791A9B893200211293 /* PhotosTableViewController.swift */ = {isa = PBXFileReference; fileEncoding = 4; lastKnownFileType = sourcecode.swift; path = PhotosTableViewController.swift; sourceTree = "<group>"; };
		2910227F1A9B8A4600211293 /* DisplayViewController.swift */ = {isa = PBXFileReference; fileEncoding = 4; lastKnownFileType = sourcecode.swift; path = DisplayViewController.swift; sourceTree = "<group>"; };
/* End PBXFileReference section */

/* Begin PBXFrameworksBuildPhase section */
		2910223B1A9B7CDC00211293 /* Frameworks */ = {
			isa = PBXFrameworksBuildPhase;
			buildActionMask = 2147483647;
			files = (
			);
			runOnlyForDeploymentPostprocessing = 0;
		};
		291022501A9B7CDD00211293 /* Frameworks */ = {
			isa = PBXFrameworksBuildPhase;
			buildActionMask = 2147483647;
			files = (
			);
			runOnlyForDeploymentPostprocessing = 0;
		};
/* End PBXFrameworksBuildPhase section */

/* Begin PBXGroup section */
		291022351A9B7CDC00211293 = {
			isa = PBXGroup;
			children = (
				291022711A9B87B900211293 /* Photo.swift */,
				291022401A9B7CDC00211293 /* PhotoViewer */,
				291022561A9B7CDD00211293 /* PhotoViewerTests */,
				2910223F1A9B7CDC00211293 /* Products */,
			);
			sourceTree = "<group>";
		};
		2910223F1A9B7CDC00211293 /* Products */ = {
			isa = PBXGroup;
			children = (
				2910223E1A9B7CDC00211293 /* PhotoViewer.app */,
				291022531A9B7CDD00211293 /* PhotoViewerTests.xctest */,
			);
			name = Products;
			sourceTree = "<group>";
		};
		291022401A9B7CDC00211293 /* PhotoViewer */ = {
			isa = PBXGroup;
			children = (
				291022431A9B7CDC00211293 /* AppDelegate.swift */,
				291022791A9B893200211293 /* PhotosTableViewController.swift */,
				291022771A9B88EC00211293 /* InfoViewController.swift */,
				2910227F1A9B8A4600211293 /* DisplayViewController.swift */,
				291022471A9B7CDC00211293 /* Main.storyboard */,
				2910224A1A9B7CDC00211293 /* Images.xcassets */,
				2910224C1A9B7CDC00211293 /* LaunchScreen.xib */,
				291022411A9B7CDC00211293 /* Supporting Files */,
			);
			path = PhotoViewer;
			sourceTree = "<group>";
		};
		291022411A9B7CDC00211293 /* Supporting Files */ = {
			isa = PBXGroup;
			children = (
				291022421A9B7CDC00211293 /* Info.plist */,
			);
			name = "Supporting Files";
			sourceTree = "<group>";
		};
		291022561A9B7CDD00211293 /* PhotoViewerTests */ = {
			isa = PBXGroup;
			children = (
				291022591A9B7CDD00211293 /* PhotoViewerTests.swift */,
				291022571A9B7CDD00211293 /* Supporting Files */,
			);
			path = PhotoViewerTests;
			sourceTree = "<group>";
		};
		291022571A9B7CDD00211293 /* Supporting Files */ = {
			isa = PBXGroup;
			children = (
				291022581A9B7CDD00211293 /* Info.plist */,
			);
			name = "Supporting Files";
			sourceTree = "<group>";
		};
/* End PBXGroup section */

/* Begin PBXNativeTarget section */
		2910223D1A9B7CDC00211293 /* PhotoViewer */ = {
			isa = PBXNativeTarget;
			buildConfigurationList = 2910225D1A9B7CDD00211293 /* Build configuration list for PBXNativeTarget "PhotoViewer" */;
			buildPhases = (
				2910223A1A9B7CDC00211293 /* Sources */,
				2910223B1A9B7CDC00211293 /* Frameworks */,
				2910223C1A9B7CDC00211293 /* Resources */,
			);
			buildRules = (
			);
			dependencies = (
			);
			name = PhotoViewer;
			productName = PhotoViewer;
			productReference = 2910223E1A9B7CDC00211293 /* PhotoViewer.app */;
			productType = "com.apple.product-type.application";
		};
		291022521A9B7CDD00211293 /* PhotoViewerTests */ = {
			isa = PBXNativeTarget;
			buildConfigurationList = 291022601A9B7CDD00211293 /* Build configuration list for PBXNativeTarget "PhotoViewerTests" */;
			buildPhases = (
				2910224F1A9B7CDD00211293 /* Sources */,
				291022501A9B7CDD00211293 /* Frameworks */,
				291022511A9B7CDD00211293 /* Resources */,
			);
			buildRules = (
			);
			dependencies = (
				291022551A9B7CDD00211293 /* PBXTargetDependency */,
			);
			name = PhotoViewerTests;
			productName = PhotoViewerTests;
			productReference = 291022531A9B7CDD00211293 /* PhotoViewerTests.xctest */;
			productType = "com.apple.product-type.bundle.unit-test";
		};
/* End PBXNativeTarget section */

/* Begin PBXProject section */
		291022361A9B7CDC00211293 /* Project object */ = {
			isa = PBXProject;
			attributes = {
				LastUpgradeCheck = 0610;
				ORGANIZATIONNAME = Parsclick;
				TargetAttributes = {
					2910223D1A9B7CDC00211293 = {
						CreatedOnToolsVersion = 6.1.1;
					};
					291022521A9B7CDD00211293 = {
						CreatedOnToolsVersion = 6.1.1;
						TestTargetID = 2910223D1A9B7CDC00211293;
					};
				};
			};
			buildConfigurationList = 291022391A9B7CDC00211293 /* Build configuration list for PBXProject "PhotoViewer" */;
			compatibilityVersion = "Xcode 3.2";
			developmentRegion = English;
			hasScannedForEncodings = 0;
			knownRegions = (
				en,
				Base,
			);
			mainGroup = 291022351A9B7CDC00211293;
			productRefGroup = 2910223F1A9B7CDC00211293 /* Products */;
			projectDirPath = "";
			projectRoot = "";
			targets = (
				2910223D1A9B7CDC00211293 /* PhotoViewer */,
				291022521A9B7CDD00211293 /* PhotoViewerTests */,
			);
		};
/* End PBXProject section */

/* Begin PBXResourcesBuildPhase section */
		2910223C1A9B7CDC00211293 /* Resources */ = {
			isa = PBXResourcesBuildPhase;
			buildActionMask = 2147483647;
			files = (
				291022491A9B7CDC00211293 /* Main.storyboard in Resources */,
				2910224E1A9B7CDC00211293 /* LaunchScreen.xib in Resources */,
				2910224B1A9B7CDC00211293 /* Images.xcassets in Resources */,
			);
			runOnlyForDeploymentPostprocessing = 0;
		};
		291022511A9B7CDD00211293 /* Resources */ = {
			isa = PBXResourcesBuildPhase;
			buildActionMask = 2147483647;
			files = (
			);
			runOnlyForDeploymentPostprocessing = 0;
		};
/* End PBXResourcesBuildPhase section */

/* Begin PBXSourcesBuildPhase section */
		2910223A1A9B7CDC00211293 /* Sources */ = {
			isa = PBXSourcesBuildPhase;
			buildActionMask = 2147483647;
			files = (
				291022801A9B8A4600211293 /* DisplayViewController.swift in Sources */,
				2910227A1A9B893200211293 /* PhotosTableViewController.swift in Sources */,
				291022721A9B87B900211293 /* Photo.swift in Sources */,
				291022441A9B7CDC00211293 /* AppDelegate.swift in Sources */,
				291022781A9B88EC00211293 /* InfoViewController.swift in Sources */,
			);
			runOnlyForDeploymentPostprocessing = 0;
		};
		2910224F1A9B7CDD00211293 /* Sources */ = {
			isa = PBXSourcesBuildPhase;
			buildActionMask = 2147483647;
			files = (
				2910225A1A9B7CDD00211293 /* PhotoViewerTests.swift in Sources */,
			);
			runOnlyForDeploymentPostprocessing = 0;
		};
/* End PBXSourcesBuildPhase section */

/* Begin PBXTargetDependency section */
		291022551A9B7CDD00211293 /* PBXTargetDependency */ = {
			isa = PBXTargetDependency;
			target = 2910223D1A9B7CDC00211293 /* PhotoViewer */;
			targetProxy = 291022541A9B7CDD00211293 /* PBXContainerItemProxy */;
		};
/* End PBXTargetDependency section */

/* Begin PBXVariantGroup section */
		291022471A9B7CDC00211293 /* Main.storyboard */ = {
			isa = PBXVariantGroup;
			children = (
				291022481A9B7CDC00211293 /* Base */,
			);
			name = Main.storyboard;
			sourceTree = "<group>";
		};
		2910224C1A9B7CDC00211293 /* LaunchScreen.xib */ = {
			isa = PBXVariantGroup;
			children = (
				2910224D1A9B7CDC00211293 /* Base */,
			);
			name = LaunchScreen.xib;
			sourceTree = "<group>";
		};
/* End PBXVariantGroup section */

/* Begin XCBuildConfiguration section */
		2910225B1A9B7CDD00211293 /* Debug */ = {
			isa = XCBuildConfiguration;
			buildSettings = {
				ALWAYS_SEARCH_USER_PATHS = NO;
				CLANG_CXX_LANGUAGE_STANDARD = "gnu++0x";
				CLANG_CXX_LIBRARY = "libc++";
				CLANG_ENABLE_MODULES = YES;
				CLANG_ENABLE_OBJC_ARC = YES;
				CLANG_WARN_BOOL_CONVERSION = YES;
				CLANG_WARN_CONSTANT_CONVERSION = YES;
				CLANG_WARN_DIRECT_OBJC_ISA_USAGE = YES_ERROR;
				CLANG_WARN_EMPTY_BODY = YES;
				CLANG_WARN_ENUM_CONVERSION = YES;
				CLANG_WARN_INT_CONVERSION = YES;
				CLANG_WARN_OBJC_ROOT_CLASS = YES_ERROR;
				CLANG_WARN_UNREACHABLE_CODE = YES;
				CLANG_WARN__DUPLICATE_METHOD_MATCH = YES;
				"CODE_SIGN_IDENTITY[sdk=iphoneos*]" = "iPhone Developer";
				COPY_PHASE_STRIP = NO;
				ENABLE_STRICT_OBJC_MSGSEND = YES;
				GCC_C_LANGUAGE_STANDARD = gnu99;
				GCC_DYNAMIC_NO_PIC = NO;
				GCC_OPTIMIZATION_LEVEL = 0;
				GCC_PREPROCESSOR_DEFINITIONS = (
					"DEBUG=1",
					"$(inherited)",
				);
				GCC_SYMBOLS_PRIVATE_EXTERN = NO;
				GCC_WARN_64_TO_32_BIT_CONVERSION = YES;
				GCC_WARN_ABOUT_RETURN_TYPE = YES_ERROR;
				GCC_WARN_UNDECLARED_SELECTOR = YES;
				GCC_WARN_UNINITIALIZED_AUTOS = YES_AGGRESSIVE;
				GCC_WARN_UNUSED_FUNCTION = YES;
				GCC_WARN_UNUSED_VARIABLE = YES;
				IPHONEOS_DEPLOYMENT_TARGET = 8.1;
				MTL_ENABLE_DEBUG_INFO = YES;
				ONLY_ACTIVE_ARCH = YES;
				SDKROOT = iphoneos;
				SWIFT_OPTIMIZATION_LEVEL = "-Onone";
			};
			name = Debug;
		};
		2910225C1A9B7CDD00211293 /* Release */ = {
			isa = XCBuildConfiguration;
			buildSettings = {
				ALWAYS_SEARCH_USER_PATHS = NO;
				CLANG_CXX_LANGUAGE_STANDARD = "gnu++0x";
				CLANG_CXX_LIBRARY = "libc++";
				CLANG_ENABLE_MODULES = YES;
				CLANG_ENABLE_OBJC_ARC = YES;
				CLANG_WARN_BOOL_CONVERSION = YES;
				CLANG_WARN_CONSTANT_CONVERSION = YES;
				CLANG_WARN_DIRECT_OBJC_ISA_USAGE = YES_ERROR;
				CLANG_WARN_EMPTY_BODY = YES;
				CLANG_WARN_ENUM_CONVERSION = YES;
				CLANG_WARN_INT_CONVERSION = YES;
				CLANG_WARN_OBJC_ROOT_CLASS = YES_ERROR;
				CLANG_WARN_UNREACHABLE_CODE = YES;
				CLANG_WARN__DUPLICATE_METHOD_MATCH = YES;
				"CODE_SIGN_IDENTITY[sdk=iphoneos*]" = "iPhone Developer";
				COPY_PHASE_STRIP = YES;
				ENABLE_NS_ASSERTIONS = NO;
				ENABLE_STRICT_OBJC_MSGSEND = YES;
				GCC_C_LANGUAGE_STANDARD = gnu99;
				GCC_WARN_64_TO_32_BIT_CONVERSION = YES;
				GCC_WARN_ABOUT_RETURN_TYPE = YES_ERROR;
				GCC_WARN_UNDECLARED_SELECTOR = YES;
				GCC_WARN_UNINITIALIZED_AUTOS = YES_AGGRESSIVE;
				GCC_WARN_UNUSED_FUNCTION = YES;
				GCC_WARN_UNUSED_VARIABLE = YES;
				IPHONEOS_DEPLOYMENT_TARGET = 8.1;
				MTL_ENABLE_DEBUG_INFO = NO;
				SDKROOT = iphoneos;
				VALIDATE_PRODUCT = YES;
			};
			name = Release;
		};
		2910225E1A9B7CDD00211293 /* Debug */ = {
			isa = XCBuildConfiguration;
			buildSettings = {
				ASSETCATALOG_COMPILER_APPICON_NAME = AppIcon;
				INFOPLIST_FILE = PhotoViewer/Info.plist;
				LD_RUNPATH_SEARCH_PATHS = "$(inherited) @executable_path/Frameworks";
				PRODUCT_NAME = "$(TARGET_NAME)";
			};
			name = Debug;
		};
		2910225F1A9B7CDD00211293 /* Release */ = {
			isa = XCBuildConfiguration;
			buildSettings = {
				ASSETCATALOG_COMPILER_APPICON_NAME = AppIcon;
				INFOPLIST_FILE = PhotoViewer/Info.plist;
				LD_RUNPATH_SEARCH_PATHS = "$(inherited) @executable_path/Frameworks";
				PRODUCT_NAME = "$(TARGET_NAME)";
			};
			name = Release;
		};
		291022611A9B7CDD00211293 /* Debug */ = {
			isa = XCBuildConfiguration;
			buildSettings = {
				BUNDLE_LOADER = "$(TEST_HOST)";
				FRAMEWORK_SEARCH_PATHS = (
					"$(SDKROOT)/Developer/Library/Frameworks",
					"$(inherited)",
				);
				GCC_PREPROCESSOR_DEFINITIONS = (
					"DEBUG=1",
					"$(inherited)",
				);
				INFOPLIST_FILE = PhotoViewerTests/Info.plist;
				LD_RUNPATH_SEARCH_PATHS = "$(inherited) @executable_path/Frameworks @loader_path/Frameworks";
				PRODUCT_NAME = "$(TARGET_NAME)";
				TEST_HOST = "$(BUILT_PRODUCTS_DIR)/PhotoViewer.app/PhotoViewer";
			};
			name = Debug;
		};
		291022621A9B7CDD00211293 /* Release */ = {
			isa = XCBuildConfiguration;
			buildSettings = {
				BUNDLE_LOADER = "$(TEST_HOST)";
				FRAMEWORK_SEARCH_PATHS = (
					"$(SDKROOT)/Developer/Library/Frameworks",
					"$(inherited)",
				);
				INFOPLIST_FILE = PhotoViewerTests/Info.plist;
				LD_RUNPATH_SEARCH_PATHS = "$(inherited) @executable_path/Frameworks @loader_path/Frameworks";
				PRODUCT_NAME = "$(TARGET_NAME)";
				TEST_HOST = "$(BUILT_PRODUCTS_DIR)/PhotoViewer.app/PhotoViewer";
			};
			name = Release;
		};
/* End XCBuildConfiguration section */

/* Begin XCConfigurationList section */
		291022391A9B7CDC00211293 /* Build configuration list for PBXProject "PhotoViewer" */ = {
			isa = XCConfigurationList;
			buildConfigurations = (
				2910225B1A9B7CDD00211293 /* Debug */,
				2910225C1A9B7CDD00211293 /* Release */,
			);
			defaultConfigurationIsVisible = 0;
			defaultConfigurationName = Release;
		};
		2910225D1A9B7CDD00211293 /* Build configuration list for PBXNativeTarget "PhotoViewer" */ = {
			isa = XCConfigurationList;
			buildConfigurations = (
				2910225E1A9B7CDD00211293 /* Debug */,
				2910225F1A9B7CDD00211293 /* Release */,
			);
			defaultConfigurationIsVisible = 0;
		};
		291022601A9B7CDD00211293 /* Build configuration list for PBXNativeTarget "PhotoViewerTests" */ = {
			isa = XCConfigurationList;
			buildConfigurations = (
				291022611A9B7CDD00211293 /* Debug */,
				291022621A9B7CDD00211293 /* Release */,
			);
			defaultConfigurationIsVisible = 0;
		};
/* End XCConfigurationList section */
	};
	rootObject = 291022361A9B7CDC00211293 /* Project object */;
}
