// !$*UTF8*$!
{
	archiveVersion = 1;
	classes = {
	};
	objectVersion = 46;
	objects = {

/* Begin PBXBuildFile section */
		F441858219EF202F00769D15 /* AppDelegate.swift in Sources */ = {isa = PBXBuildFile; fileRef = F441858119EF202F00769D15 /* AppDelegate.swift */; };
		F441858419EF202F00769D15 /* ViewController.swift in Sources */ = {isa = PBXBuildFile; fileRef = F441858319EF202F00769D15 /* ViewController.swift */; };
		F441858719EF202F00769D15 /* Main.storyboard in Resources */ = {isa = PBXBuildFile; fileRef = F441858519EF202F00769D15 /* Main.storyboard */; };
		F441858919EF202F00769D15 /* Images.xcassets in Resources */ = {isa = PBXBuildFile; fileRef = F441858819EF202F00769D15 /* Images.xcassets */; };
		F441858C19EF202F00769D15 /* LaunchScreen.xib in Resources */ = {isa = PBXBuildFile; fileRef = F441858A19EF202F00769D15 /* LaunchScreen.xib */; };
		F441859819EF202F00769D15 /* SizeClassDemoTests.swift in Sources */ = {isa = PBXBuildFile; fileRef = F441859719EF202F00769D15 /* SizeClassDemoTests.swift */; };
/* End PBXBuildFile section */

/* Begin PBXContainerItemProxy section */
		F441859219EF202F00769D15 /* PBXContainerItemProxy */ = {
			isa = PBXContainerItemProxy;
			containerPortal = F441857419EF202F00769D15 /* Project object */;
			proxyType = 1;
			remoteGlobalIDString = F441857B19EF202F00769D15;
			remoteInfo = SizeClassDemo;
		};
/* End PBXContainerItemProxy section */

/* Begin PBXFileReference section */
		F441857C19EF202F00769D15 /* SizeClassDemo.app */ = {isa = PBXFileReference; explicitFileType = wrapper.application; includeInIndex = 0; path = SizeClassDemo.app; sourceTree = BUILT_PRODUCTS_DIR; };
		F441858019EF202F00769D15 /* Info.plist */ = {isa = PBXFileReference; lastKnownFileType = text.plist.xml; path = Info.plist; sourceTree = "<group>"; };
		F441858119EF202F00769D15 /* AppDelegate.swift */ = {isa = PBXFileReference; lastKnownFileType = sourcecode.swift; path = AppDelegate.swift; sourceTree = "<group>"; };
		F441858319EF202F00769D15 /* ViewController.swift */ = {isa = PBXFileReference; lastKnownFileType = sourcecode.swift; path = ViewController.swift; sourceTree = "<group>"; };
		F441858619EF202F00769D15 /* Base */ = {isa = PBXFileReference; lastKnownFileType = file.storyboard; name = Base; path = Base.lproj/Main.storyboard; sourceTree = "<group>"; };
		F441858819EF202F00769D15 /* Images.xcassets */ = {isa = PBXFileReference; lastKnownFileType = folder.assetcatalog; path = Images.xcassets; sourceTree = "<group>"; };
		F441858B19EF202F00769D15 /* Base */ = {isa = PBXFileReference; lastKnownFileType = file.xib; name = Base; path = Base.lproj/LaunchScreen.xib; sourceTree = "<group>"; };
		F441859119EF202F00769D15 /* SizeClassDemoTests.xctest */ = {isa = PBXFileReference; explicitFileType = wrapper.cfbundle; includeInIndex = 0; path = SizeClassDemoTests.xctest; sourceTree = BUILT_PRODUCTS_DIR; };
		F441859619EF202F00769D15 /* Info.plist */ = {isa = PBXFileReference; lastKnownFileType = text.plist.xml; path = Info.plist; sourceTree = "<group>"; };
		F441859719EF202F00769D15 /* SizeClassDemoTests.swift */ = {isa = PBXFileReference; lastKnownFileType = sourcecode.swift; path = SizeClassDemoTests.swift; sourceTree = "<group>"; };
/* End PBXFileReference section */

/* Begin PBXFrameworksBuildPhase section */
		F441857919EF202F00769D15 /* Frameworks */ = {
			isa = PBXFrameworksBuildPhase;
			buildActionMask = 2147483647;
			files = (
			);
			runOnlyForDeploymentPostprocessing = 0;
		};
		F441858E19EF202F00769D15 /* Frameworks */ = {
			isa = PBXFrameworksBuildPhase;
			buildActionMask = 2147483647;
			files = (
			);
			runOnlyForDeploymentPostprocessing = 0;
		};
/* End PBXFrameworksBuildPhase section */

/* Begin PBXGroup section */
		F441857319EF202F00769D15 = {
			isa = PBXGroup;
			children = (
				F441857E19EF202F00769D15 /* SizeClassDemo */,
				F441859419EF202F00769D15 /* SizeClassDemoTests */,
				F441857D19EF202F00769D15 /* Products */,
			);
			sourceTree = "<group>";
		};
		F441857D19EF202F00769D15 /* Products */ = {
			isa = PBXGroup;
			children = (
				F441857C19EF202F00769D15 /* SizeClassDemo.app */,
				F441859119EF202F00769D15 /* SizeClassDemoTests.xctest */,
			);
			name = Products;
			sourceTree = "<group>";
		};
		F441857E19EF202F00769D15 /* SizeClassDemo */ = {
			isa = PBXGroup;
			children = (
				F441858119EF202F00769D15 /* AppDelegate.swift */,
				F441858319EF202F00769D15 /* ViewController.swift */,
				F441858519EF202F00769D15 /* Main.storyboard */,
				F441858819EF202F00769D15 /* Images.xcassets */,
				F441858A19EF202F00769D15 /* LaunchScreen.xib */,
				F441857F19EF202F00769D15 /* Supporting Files */,
			);
			path = SizeClassDemo;
			sourceTree = "<group>";
		};
		F441857F19EF202F00769D15 /* Supporting Files */ = {
			isa = PBXGroup;
			children = (
				F441858019EF202F00769D15 /* Info.plist */,
			);
			name = "Supporting Files";
			sourceTree = "<group>";
		};
		F441859419EF202F00769D15 /* SizeClassDemoTests */ = {
			isa = PBXGroup;
			children = (
				F441859719EF202F00769D15 /* SizeClassDemoTests.swift */,
				F441859519EF202F00769D15 /* Supporting Files */,
			);
			path = SizeClassDemoTests;
			sourceTree = "<group>";
		};
		F441859519EF202F00769D15 /* Supporting Files */ = {
			isa = PBXGroup;
			children = (
				F441859619EF202F00769D15 /* Info.plist */,
			);
			name = "Supporting Files";
			sourceTree = "<group>";
		};
/* End PBXGroup section */

/* Begin PBXNativeTarget section */
		F441857B19EF202F00769D15 /* SizeClassDemo */ = {
			isa = PBXNativeTarget;
			buildConfigurationList = F441859B19EF202F00769D15 /* Build configuration list for PBXNativeTarget "SizeClassDemo" */;
			buildPhases = (
				F441857819EF202F00769D15 /* Sources */,
				F441857919EF202F00769D15 /* Frameworks */,
				F441857A19EF202F00769D15 /* Resources */,
			);
			buildRules = (
			);
			dependencies = (
			);
			name = SizeClassDemo;
			productName = SizeClassDemo;
			productReference = F441857C19EF202F00769D15 /* SizeClassDemo.app */;
			productType = "com.apple.product-type.application";
		};
		F441859019EF202F00769D15 /* SizeClassDemoTests */ = {
			isa = PBXNativeTarget;
			buildConfigurationList = F441859E19EF202F00769D15 /* Build configuration list for PBXNativeTarget "SizeClassDemoTests" */;
			buildPhases = (
				F441858D19EF202F00769D15 /* Sources */,
				F441858E19EF202F00769D15 /* Frameworks */,
				F441858F19EF202F00769D15 /* Resources */,
			);
			buildRules = (
			);
			dependencies = (
				F441859319EF202F00769D15 /* PBXTargetDependency */,
			);
			name = SizeClassDemoTests;
			productName = SizeClassDemoTests;
			productReference = F441859119EF202F00769D15 /* SizeClassDemoTests.xctest */;
			productType = "com.apple.product-type.bundle.unit-test";
		};
/* End PBXNativeTarget section */

/* Begin PBXProject section */
		F441857419EF202F00769D15 /* Project object */ = {
			isa = PBXProject;
			attributes = {
				LastUpgradeCheck = 0610;
				ORGANIZATIONNAME = Parsclick;
				TargetAttributes = {
					F441857B19EF202F00769D15 = {
						CreatedOnToolsVersion = 6.1;
					};
					F441859019EF202F00769D15 = {
						CreatedOnToolsVersion = 6.1;
						TestTargetID = F441857B19EF202F00769D15;
					};
				};
			};
			buildConfigurationList = F441857719EF202F00769D15 /* Build configuration list for PBXProject "SizeClassDemo" */;
			compatibilityVersion = "Xcode 3.2";
			developmentRegion = English;
			hasScannedForEncodings = 0;
			knownRegions = (
				en,
				Base,
			);
			mainGroup = F441857319EF202F00769D15;
			productRefGroup = F441857D19EF202F00769D15 /* Products */;
			projectDirPath = "";
			projectRoot = "";
			targets = (
				F441857B19EF202F00769D15 /* SizeClassDemo */,
				F441859019EF202F00769D15 /* SizeClassDemoTests */,
			);
		};
/* End PBXProject section */

/* Begin PBXResourcesBuildPhase section */
		F441857A19EF202F00769D15 /* Resources */ = {
			isa = PBXResourcesBuildPhase;
			buildActionMask = 2147483647;
			files = (
				F441858719EF202F00769D15 /* Main.storyboard in Resources */,
				F441858C19EF202F00769D15 /* LaunchScreen.xib in Resources */,
				F441858919EF202F00769D15 /* Images.xcassets in Resources */,
			);
			runOnlyForDeploymentPostprocessing = 0;
		};
		F441858F19EF202F00769D15 /* Resources */ = {
			isa = PBXResourcesBuildPhase;
			buildActionMask = 2147483647;
			files = (
			);
			runOnlyForDeploymentPostprocessing = 0;
		};
/* End PBXResourcesBuildPhase section */

/* Begin PBXSourcesBuildPhase section */
		F441857819EF202F00769D15 /* Sources */ = {
			isa = PBXSourcesBuildPhase;
			buildActionMask = 2147483647;
			files = (
				F441858419EF202F00769D15 /* ViewController.swift in Sources */,
				F441858219EF202F00769D15 /* AppDelegate.swift in Sources */,
			);
			runOnlyForDeploymentPostprocessing = 0;
		};
		F441858D19EF202F00769D15 /* Sources */ = {
			isa = PBXSourcesBuildPhase;
			buildActionMask = 2147483647;
			files = (
				F441859819EF202F00769D15 /* SizeClassDemoTests.swift in Sources */,
			);
			runOnlyForDeploymentPostprocessing = 0;
		};
/* End PBXSourcesBuildPhase section */

/* Begin PBXTargetDependency section */
		F441859319EF202F00769D15 /* PBXTargetDependency */ = {
			isa = PBXTargetDependency;
			target = F441857B19EF202F00769D15 /* SizeClassDemo */;
			targetProxy = F441859219EF202F00769D15 /* PBXContainerItemProxy */;
		};
/* End PBXTargetDependency section */

/* Begin PBXVariantGroup section */
		F441858519EF202F00769D15 /* Main.storyboard */ = {
			isa = PBXVariantGroup;
			children = (
				F441858619EF202F00769D15 /* Base */,
			);
			name = Main.storyboard;
			sourceTree = "<group>";
		};
		F441858A19EF202F00769D15 /* LaunchScreen.xib */ = {
			isa = PBXVariantGroup;
			children = (
				F441858B19EF202F00769D15 /* Base */,
			);
			name = LaunchScreen.xib;
			sourceTree = "<group>";
		};
/* End PBXVariantGroup section */

/* Begin XCBuildConfiguration section */
		F441859919EF202F00769D15 /* Debug */ = {
			isa = XCBuildConfiguration;
			buildSettings = {
				ALWAYS_SEARCH_USER_PATHS = NO;
				CLANG_CXX_LANGUAGE_STANDARD = "gnu++0x";
				CLANG_CXX_LIBRARY = "libc++";
				CLANG_ENABLE_MODULES = YES;
				CLANG_ENABLE_OBJC_ARC = YES;
				CLANG_WARN_BOOL_CONVERSION = YES;
				CLANG_WARN_CONSTANT_CONVERSION = YES;
				CLANG_WARN_DIRECT_OBJC_ISA_USAGE = YES_ERROR;
				CLANG_WARN_EMPTY_BODY = YES;
				CLANG_WARN_ENUM_CONVERSION = YES;
				CLANG_WARN_INT_CONVERSION = YES;
				CLANG_WARN_OBJC_ROOT_CLASS = YES_ERROR;
				CLANG_WARN_UNREACHABLE_CODE = YES;
				CLANG_WARN__DUPLICATE_METHOD_MATCH = YES;
				"CODE_SIGN_IDENTITY[sdk=iphoneos*]" = "iPhone Developer";
				COPY_PHASE_STRIP = NO;
				ENABLE_STRICT_OBJC_MSGSEND = YES;
				GCC_C_LANGUAGE_STANDARD = gnu99;
				GCC_DYNAMIC_NO_PIC = NO;
				GCC_OPTIMIZATION_LEVEL = 0;
				GCC_PREPROCESSOR_DEFINITIONS = (
					"DEBUG=1",
					"$(inherited)",
				);
				GCC_SYMBOLS_PRIVATE_EXTERN = NO;
				GCC_WARN_64_TO_32_BIT_CONVERSION = YES;
				GCC_WARN_ABOUT_RETURN_TYPE = YES_ERROR;
				GCC_WARN_UNDECLARED_SELECTOR = YES;
				GCC_WARN_UNINITIALIZED_AUTOS = YES_AGGRESSIVE;
				GCC_WARN_UNUSED_FUNCTION = YES;
				GCC_WARN_UNUSED_VARIABLE = YES;
				IPHONEOS_DEPLOYMENT_TARGET = 8.1;
				MTL_ENABLE_DEBUG_INFO = YES;
				ONLY_ACTIVE_ARCH = YES;
				SDKROOT = iphoneos;
				SWIFT_OPTIMIZATION_LEVEL = "-Onone";
				TARGETED_DEVICE_FAMILY = "1,2";
			};
			name = Debug;
		};
		F441859A19EF202F00769D15 /* Release */ = {
			isa = XCBuildConfiguration;
			buildSettings = {
				ALWAYS_SEARCH_USER_PATHS = NO;
				CLANG_CXX_LANGUAGE_STANDARD = "gnu++0x";
				CLANG_CXX_LIBRARY = "libc++";
				CLANG_ENABLE_MODULES = YES;
				CLANG_ENABLE_OBJC_ARC = YES;
				CLANG_WARN_BOOL_CONVERSION = YES;
				CLANG_WARN_CONSTANT_CONVERSION = YES;
				CLANG_WARN_DIRECT_OBJC_ISA_USAGE = YES_ERROR;
				CLANG_WARN_EMPTY_BODY = YES;
				CLANG_WARN_ENUM_CONVERSION = YES;
				CLANG_WARN_INT_CONVERSION = YES;
				CLANG_WARN_OBJC_ROOT_CLASS = YES_ERROR;
				CLANG_WARN_UNREACHABLE_CODE = YES;
				CLANG_WARN__DUPLICATE_METHOD_MATCH = YES;
				"CODE_SIGN_IDENTITY[sdk=iphoneos*]" = "iPhone Developer";
				COPY_PHASE_STRIP = YES;
				ENABLE_NS_ASSERTIONS = NO;
				ENABLE_STRICT_OBJC_MSGSEND = YES;
				GCC_C_LANGUAGE_STANDARD = gnu99;
				GCC_WARN_64_TO_32_BIT_CONVERSION = YES;
				GCC_WARN_ABOUT_RETURN_TYPE = YES_ERROR;
				GCC_WARN_UNDECLARED_SELECTOR = YES;
				GCC_WARN_UNINITIALIZED_AUTOS = YES_AGGRESSIVE;
				GCC_WARN_UNUSED_FUNCTION = YES;
				GCC_WARN_UNUSED_VARIABLE = YES;
				IPHONEOS_DEPLOYMENT_TARGET = 8.1;
				MTL_ENABLE_DEBUG_INFO = NO;
				SDKROOT = iphoneos;
				TARGETED_DEVICE_FAMILY = "1,2";
				VALIDATE_PRODUCT = YES;
			};
			name = Release;
		};
		F441859C19EF202F00769D15 /* Debug */ = {
			isa = XCBuildConfiguration;
			buildSettings = {
				ASSETCATALOG_COMPILER_APPICON_NAME = AppIcon;
				INFOPLIST_FILE = SizeClassDemo/Info.plist;
				LD_RUNPATH_SEARCH_PATHS = "$(inherited) @executable_path/Frameworks";
				PRODUCT_NAME = "$(TARGET_NAME)";
			};
			name = Debug;
		};
		F441859D19EF202F00769D15 /* Release */ = {
			isa = XCBuildConfiguration;
			buildSettings = {
				ASSETCATALOG_COMPILER_APPICON_NAME = AppIcon;
				INFOPLIST_FILE = SizeClassDemo/Info.plist;
				LD_RUNPATH_SEARCH_PATHS = "$(inherited) @executable_path/Frameworks";
				PRODUCT_NAME = "$(TARGET_NAME)";
			};
			name = Release;
		};
		F441859F19EF202F00769D15 /* Debug */ = {
			isa = XCBuildConfiguration;
			buildSettings = {
				BUNDLE_LOADER = "$(TEST_HOST)";
				FRAMEWORK_SEARCH_PATHS = (
					"$(SDKROOT)/Developer/Library/Frameworks",
					"$(inherited)",
				);
				GCC_PREPROCESSOR_DEFINITIONS = (
					"DEBUG=1",
					"$(inherited)",
				);
				INFOPLIST_FILE = SizeClassDemoTests/Info.plist;
				LD_RUNPATH_SEARCH_PATHS = "$(inherited) @executable_path/Frameworks @loader_path/Frameworks";
				PRODUCT_NAME = "$(TARGET_NAME)";
				TEST_HOST = "$(BUILT_PRODUCTS_DIR)/SizeClassDemo.app/SizeClassDemo";
			};
			name = Debug;
		};
		F44185A019EF202F00769D15 /* Release */ = {
			isa = XCBuildConfiguration;
			buildSettings = {
				BUNDLE_LOADER = "$(TEST_HOST)";
				FRAMEWORK_SEARCH_PATHS = (
					"$(SDKROOT)/Developer/Library/Frameworks",
					"$(inherited)",
				);
				INFOPLIST_FILE = SizeClassDemoTests/Info.plist;
				LD_RUNPATH_SEARCH_PATHS = "$(inherited) @executable_path/Frameworks @loader_path/Frameworks";
				PRODUCT_NAME = "$(TARGET_NAME)";
				TEST_HOST = "$(BUILT_PRODUCTS_DIR)/SizeClassDemo.app/SizeClassDemo";
			};
			name = Release;
		};
/* End XCBuildConfiguration section */

/* Begin XCConfigurationList section */
		F441857719EF202F00769D15 /* Build configuration list for PBXProject "SizeClassDemo" */ = {
			isa = XCConfigurationList;
			buildConfigurations = (
				F441859919EF202F00769D15 /* Debug */,
				F441859A19EF202F00769D15 /* Release */,
			);
			defaultConfigurationIsVisible = 0;
			defaultConfigurationName = Release;
		};
		F441859B19EF202F00769D15 /* Build configuration list for PBXNativeTarget "SizeClassDemo" */ = {
			isa = XCConfigurationList;
			buildConfigurations = (
				F441859C19EF202F00769D15 /* Debug */,
				F441859D19EF202F00769D15 /* Release */,
			);
			defaultConfigurationIsVisible = 0;
			defaultConfigurationName = Release;
		};
		F441859E19EF202F00769D15 /* Build configuration list for PBXNativeTarget "SizeClassDemoTests" */ = {
			isa = XCConfigurationList;
			buildConfigurations = (
				F441859F19EF202F00769D15 /* Debug */,
				F44185A019EF202F00769D15 /* Release */,
			);
			defaultConfigurationIsVisible = 0;
			defaultConfigurationName = Release;
		};
/* End XCConfigurationList section */
	};
	rootObject = F441857419EF202F00769D15 /* Project object */;
}
